// !$*UTF8*$!
{
	archiveVersion = 1;
	classes = {
	};
	objectVersion = 46;
	objects = {

/* Begin PBXBuildFile section */
		4C07B2BE18C8BE1600911045 /* x@2x.png in Resources */ = {isa = PBXBuildFile; fileRef = 4C07B2BC18C8BE1600911045 /* x@2x.png */; };
		4C07B2BF18C8BE1600911045 /* v@2x.png in Resources */ = {isa = PBXBuildFile; fileRef = 4C07B2BD18C8BE1600911045 /* v@2x.png */; };
		4C0C38CA18673AD60001CC08 /* AssetsLibrary.framework in Frameworks */ = {isa = PBXBuildFile; fileRef = 4C0C38C918673AD60001CC08 /* AssetsLibrary.framework */; };
		4C12B2ED18A1FC280046C5EC /* GoogleMaps.framework in Frameworks */ = {isa = PBXBuildFile; fileRef = 4C12B2EC18A1FC280046C5EC /* GoogleMaps.framework */; };
		4C12B2EF18A1FD960046C5EC /* CoreText.framework in Frameworks */ = {isa = PBXBuildFile; fileRef = 4C12B2EE18A1FD960046C5EC /* CoreText.framework */; };
		4C12B2F118A1FDA20046C5EC /* GLKit.framework in Frameworks */ = {isa = PBXBuildFile; fileRef = 4C12B2F018A1FDA20046C5EC /* GLKit.framework */; };
		4C12B2F318A1FDAA0046C5EC /* ImageIO.framework in Frameworks */ = {isa = PBXBuildFile; fileRef = 4C12B2F218A1FDAA0046C5EC /* ImageIO.framework */; };
		4C12B2F518A1FDBA0046C5EC /* libicucore.dylib in Frameworks */ = {isa = PBXBuildFile; fileRef = 4C12B2F418A1FDBA0046C5EC /* libicucore.dylib */; };
		4C12B2F718A1FDC40046C5EC /* libz.dylib in Frameworks */ = {isa = PBXBuildFile; fileRef = 4C12B2F618A1FDC40046C5EC /* libz.dylib */; };
		4C12B2F918A1FDE60046C5EC /* SystemConfiguration.framework in Frameworks */ = {isa = PBXBuildFile; fileRef = 4C12B2F818A1FDE60046C5EC /* SystemConfiguration.framework */; };
		4C12B2FE18A200790046C5EC /* libc++.dylib in Frameworks */ = {isa = PBXBuildFile; fileRef = 4C12B2FD18A200790046C5EC /* libc++.dylib */; };
		4C1E40A618B459E500A273A1 /* Dropbox.framework in Frameworks */ = {isa = PBXBuildFile; fileRef = 4C1E40A518B459E500A273A1 /* Dropbox.framework */; };
		4C1E40A818B459F700A273A1 /* FacebookSDK.framework in Frameworks */ = {isa = PBXBuildFile; fileRef = 4C1E40A718B459F700A273A1 /* FacebookSDK.framework */; };
		4C1E40BE18B4619B00A273A1 /* libGPUImage.a in Frameworks */ = {isa = PBXBuildFile; fileRef = 4C1E40B918B4616300A273A1 /* libGPUImage.a */; };
		4C23963918B3295600BB87E7 /* FacebookModel.m in Sources */ = {isa = PBXBuildFile; fileRef = 4C23963818B3295600BB87E7 /* FacebookModel.m */; };
		4C23964618B3B5E800BB87E7 /* TempDiaryData.m in Sources */ = {isa = PBXBuildFile; fileRef = 4C23964518B3B5E800BB87E7 /* TempDiaryData.m */; };
		4C2E83BD1890BB450051215F /* CalendarStore.m in Sources */ = {isa = PBXBuildFile; fileRef = 4C2E83BC1890BB450051215F /* CalendarStore.m */; };
		4C315C7B18AB298800A2A363 /* PhotoLoader.m in Sources */ = {isa = PBXBuildFile; fileRef = 4C315C7A18AB298800A2A363 /* PhotoLoader.m */; };
		4C3ECBBD18BC3C75002CD2FB /* WeekdayView.m in Sources */ = {isa = PBXBuildFile; fileRef = 4C3ECBBC18BC3C75002CD2FB /* WeekdayView.m */; };
		4C3EDA6B18C0CAB400FD7235 /* Parse.framework in Frameworks */ = {isa = PBXBuildFile; fileRef = 4C3EDA6A18C0CAB400FD7235 /* Parse.framework */; };
		4C3EDA6D18C0CB0000FD7235 /* AudioToolbox.framework in Frameworks */ = {isa = PBXBuildFile; fileRef = 4C3EDA6C18C0CB0000FD7235 /* AudioToolbox.framework */; };
		4C3EDA6F18C0CB1D00FD7235 /* MobileCoreServices.framework in Frameworks */ = {isa = PBXBuildFile; fileRef = 4C3EDA6E18C0CB1D00FD7235 /* MobileCoreServices.framework */; };
		4C3EDA7118C0CB3B00FD7235 /* StoreKit.framework in Frameworks */ = {isa = PBXBuildFile; fileRef = 4C3EDA7018C0CB3B00FD7235 /* StoreKit.framework */; };
		4C3FBA5718C4CCFF0097C67D /* face_white.png in Resources */ = {isa = PBXBuildFile; fileRef = 4C3FBA5518C4CCFF0097C67D /* face_white.png */; };
		4C3FBA5818C4CCFF0097C67D /* face_yellow.png in Resources */ = {isa = PBXBuildFile; fileRef = 4C3FBA5618C4CCFF0097C67D /* face_yellow.png */; };
		4C417E7618714A4C000878FC /* DiaryDataStore.m in Sources */ = {isa = PBXBuildFile; fileRef = 4C417E7518714A4C000878FC /* DiaryDataStore.m */; };
		4C48FFAA188D65580038AE6F /* CoreMedia.framework in Frameworks */ = {isa = PBXBuildFile; fileRef = 4C48FFA9188D65580038AE6F /* CoreMedia.framework */; };
		4C48FFAC188D65620038AE6F /* CoreVideo.framework in Frameworks */ = {isa = PBXBuildFile; fileRef = 4C48FFAB188D65620038AE6F /* CoreVideo.framework */; };
		4C48FFAD188D656F0038AE6F /* OpenGLES.framework in Frameworks */ = {isa = PBXBuildFile; fileRef = 4C48FFA7188D61C40038AE6F /* OpenGLES.framework */; };
		4C48FFAF188D65820038AE6F /* AVFoundation.framework in Frameworks */ = {isa = PBXBuildFile; fileRef = 4C48FFAE188D65820038AE6F /* AVFoundation.framework */; };
		4C4AAB7618C6B39000458908 /* backup@2x.png in Resources */ = {isa = PBXBuildFile; fileRef = 4C4AAB6F18C6B39000458908 /* backup@2x.png */; };
		4C4AAB7718C6B39000458908 /* share@2x.png in Resources */ = {isa = PBXBuildFile; fileRef = 4C4AAB7018C6B39000458908 /* share@2x.png */; };
		4C4AAB7818C6B39000458908 /* locationTag20@2x.png in Resources */ = {isa = PBXBuildFile; fileRef = 4C4AAB7118C6B39000458908 /* locationTag20@2x.png */; };
		4C4AAB7918C6B39000458908 /* locationTag10@2x.png in Resources */ = {isa = PBXBuildFile; fileRef = 4C4AAB7218C6B39000458908 /* locationTag10@2x.png */; };
		4C4AAB7A18C6B39000458908 /* newDiary@2x.png in Resources */ = {isa = PBXBuildFile; fileRef = 4C4AAB7318C6B39000458908 /* newDiary@2x.png */; };
		4C4AAB7B18C6B39000458908 /* write@2x.png in Resources */ = {isa = PBXBuildFile; fileRef = 4C4AAB7418C6B39000458908 /* write@2x.png */; };
		4C4AAB7C18C6B39000458908 /* reminder@2x.png in Resources */ = {isa = PBXBuildFile; fileRef = 4C4AAB7518C6B39000458908 /* reminder@2x.png */; };
		4C4CE27818BDB21E007217CA /* calendar.png in Resources */ = {isa = PBXBuildFile; fileRef = 4C4CE27718BDB21E007217CA /* calendar.png */; };
		4C50B72F18B19CAD0065434A /* LocationData.m in Sources */ = {isa = PBXBuildFile; fileRef = 4C50B72E18B19CAD0065434A /* LocationData.m */; };
		4C50B73418B19DE50065434A /* LocationDataStore.m in Sources */ = {isa = PBXBuildFile; fileRef = 4C50B73318B19DE50065434A /* LocationDataStore.m */; };
		4C50B73718B1BB3D0065434A /* MapKitHelpers.m in Sources */ = {isa = PBXBuildFile; fileRef = 4C50B73618B1BB3D0065434A /* MapKitHelpers.m */; };
		4C51761D186FF309002F6F6D /* KidlendarModel.xcdatamodeld in Sources */ = {isa = PBXBuildFile; fileRef = 4C51761B186FF309002F6F6D /* KidlendarModel.xcdatamodeld */; };
		4C51761F186FF707002F6F6D /* CoreData.framework in Frameworks */ = {isa = PBXBuildFile; fileRef = 4C51761E186FF707002F6F6D /* CoreData.framework */; };
		4C5420F01857FC9D006D2DE4 /* QuartzCore.framework in Frameworks */ = {isa = PBXBuildFile; fileRef = 4C5420EF1857FC9D006D2DE4 /* QuartzCore.framework */; };
		4C5B01F618ACBD7F0030FCCC /* DiaryCreateViewController.m in Sources */ = {isa = PBXBuildFile; fileRef = 4C5B01F418ACBD7E0030FCCC /* DiaryCreateViewController.m */; };
		4C5B01F718ACBD7F0030FCCC /* DiaryCreateViewController.xib in Resources */ = {isa = PBXBuildFile; fileRef = 4C5B01F518ACBD7E0030FCCC /* DiaryCreateViewController.xib */; };
		4C5BA25B1861731A00528843 /* 929-film-1@2x.png in Resources */ = {isa = PBXBuildFile; fileRef = 4C5BA25A1861731A00528843 /* 929-film-1@2x.png */; };
		4C5BA25D1861745D00528843 /* 929-film-1.png in Resources */ = {isa = PBXBuildFile; fileRef = 4C5BA25C1861745D00528843 /* 929-film-1.png */; };
		4C5C8FFC18A8730100B40F7E /* DiaryEntryViewController.m in Sources */ = {isa = PBXBuildFile; fileRef = 4C5C8FFA18A8730100B40F7E /* DiaryEntryViewController.m */; };
		4C5C8FFD18A8730100B40F7E /* DiaryEntryViewController.xib in Resources */ = {isa = PBXBuildFile; fileRef = 4C5C8FFB18A8730100B40F7E /* DiaryEntryViewController.xib */; };
		4C61325618BECAED0025FD00 /* EventTableCell.xib in Resources */ = {isa = PBXBuildFile; fileRef = 4C61325518BECAED0025FD00 /* EventTableCell.xib */; };
		4C61325B18BECC8C0025FD00 /* EventTableCell.m in Sources */ = {isa = PBXBuildFile; fileRef = 4C61325A18BECC8C0025FD00 /* EventTableCell.m */; };
		4C61325D18BEE6200025FD00 /* clock.png in Resources */ = {isa = PBXBuildFile; fileRef = 4C61325C18BEE6200025FD00 /* clock.png */; };
		4C61325F18BEE6790025FD00 /* repeat.png in Resources */ = {isa = PBXBuildFile; fileRef = 4C61325E18BEE6790025FD00 /* repeat.png */; };
		4C61326C18BF16990025FD00 /* EventCreateController.m in Sources */ = {isa = PBXBuildFile; fileRef = 4C61326A18BF16990025FD00 /* EventCreateController.m */; };
		4C61326D18BF16990025FD00 /* EventCreateController.xib in Resources */ = {isa = PBXBuildFile; fileRef = 4C61326B18BF16990025FD00 /* EventCreateController.xib */; };
		4C67BAD718B6FBC300452539 /* SwitchCell.m in Sources */ = {isa = PBXBuildFile; fileRef = 4C67BAD618B6FBC300452539 /* SwitchCell.m */; };
		4C68364B18BAE4B200FAA259 /* AlbumPhotoCell.m in Sources */ = {isa = PBXBuildFile; fileRef = 4C68364A18BAE4B200FAA259 /* AlbumPhotoCell.m */; };
		4C68365018BB0FD100FAA259 /* FilterCell.m in Sources */ = {isa = PBXBuildFile; fileRef = 4C68364F18BB0FD100FAA259 /* FilterCell.m */; };
		4C68CABC18C6350E003776D2 /* calendarTab@2x.png in Resources */ = {isa = PBXBuildFile; fileRef = 4C68CAB918C6350E003776D2 /* calendarTab@2x.png */; };
		4C68CABD18C6350E003776D2 /* settingTab@2x.png in Resources */ = {isa = PBXBuildFile; fileRef = 4C68CABA18C6350E003776D2 /* settingTab@2x.png */; };
		4C68CABF18C63A51003776D2 /* playButton@2x.png in Resources */ = {isa = PBXBuildFile; fileRef = 4C68CABE18C63A51003776D2 /* playButton@2x.png */; };
		4C6C49C0186DDB680042EB61 /* DiaryTableViewController.m in Sources */ = {isa = PBXBuildFile; fileRef = 4C6C49BF186DDB680042EB61 /* DiaryTableViewController.m */; };
		4C6C49C4186DDDDF0042EB61 /* DiaryViewController.m in Sources */ = {isa = PBXBuildFile; fileRef = 4C6C49C2186DDDDF0042EB61 /* DiaryViewController.m */; };
		4C6C49C5186DDDDF0042EB61 /* DiaryViewController.xib in Resources */ = {isa = PBXBuildFile; fileRef = 4C6C49C3186DDDDF0042EB61 /* DiaryViewController.xib */; };
		4C73E02018BFA5F3007ECCEC /* EventReviewController.m in Sources */ = {isa = PBXBuildFile; fileRef = 4C73E01E18BFA5F3007ECCEC /* EventReviewController.m */; };
		4C73E02118BFA5F3007ECCEC /* EventReviewController.xib in Resources */ = {isa = PBXBuildFile; fileRef = 4C73E01F18BFA5F3007ECCEC /* EventReviewController.xib */; };
		4C84A57318BF7278005A30AB /* ReminderButton.m in Sources */ = {isa = PBXBuildFile; fileRef = 4C84A57218BF7278005A30AB /* ReminderButton.m */; };
		4C88B387188E56E100F4F47E /* DiaryCell.m in Sources */ = {isa = PBXBuildFile; fileRef = 4C88B386188E56E100F4F47E /* DiaryCell.m */; };
		4C91918718AF3A4900ED4695 /* ImageStore.m in Sources */ = {isa = PBXBuildFile; fileRef = 4C91918618AF3A4900ED4695 /* ImageStore.m */; };
		4C9214CB185AAA29009A3090 /* DateView.m in Sources */ = {isa = PBXBuildFile; fileRef = 4C9214CA185AAA29009A3090 /* DateView.m */; };
		4C92155A185AD39E009A3090 /* MonthCalendarView.m in Sources */ = {isa = PBXBuildFile; fileRef = 4C921559185AD39E009A3090 /* MonthCalendarView.m */; };
		4CA0368C18B7A12100015184 /* DiaryTableViewCell.m in Sources */ = {isa = PBXBuildFile; fileRef = 4CA0368B18B7A12100015184 /* DiaryTableViewCell.m */; };
		4CA0369018B7A29F00015184 /* DiaryTableViewCell.xib in Resources */ = {isa = PBXBuildFile; fileRef = 4CA0368F18B7A29F00015184 /* DiaryTableViewCell.xib */; };
		4CA2506C1869377000AEA94E /* UIImage+Resize.m in Sources */ = {isa = PBXBuildFile; fileRef = 4CA2506B1869377000AEA94E /* UIImage+Resize.m */; };
		4CA2506F1869517400AEA94E /* DiaryPhotoCell.m in Sources */ = {isa = PBXBuildFile; fileRef = 4CA2506E1869517400AEA94E /* DiaryPhotoCell.m */; };
		4CB3BD2C18A330D80006AFD4 /* SettingViewController.m in Sources */ = {isa = PBXBuildFile; fileRef = 4CB3BD2A18A330D80006AFD4 /* SettingViewController.m */; };
		4CB3BD2D18A330D80006AFD4 /* SettingViewController.xib in Resources */ = {isa = PBXBuildFile; fileRef = 4CB3BD2B18A330D80006AFD4 /* SettingViewController.xib */; };
		4CB3DD7C18521DC400673478 /* Foundation.framework in Frameworks */ = {isa = PBXBuildFile; fileRef = 4CB3DD7B18521DC400673478 /* Foundation.framework */; };
		4CB3DD7E18521DC400673478 /* CoreGraphics.framework in Frameworks */ = {isa = PBXBuildFile; fileRef = 4CB3DD7D18521DC400673478 /* CoreGraphics.framework */; };
		4CB3DD8018521DC400673478 /* UIKit.framework in Frameworks */ = {isa = PBXBuildFile; fileRef = 4CB3DD7F18521DC400673478 /* UIKit.framework */; };
		4CB3DD8618521DC400673478 /* InfoPlist.strings in Resources */ = {isa = PBXBuildFile; fileRef = 4CB3DD8418521DC400673478 /* InfoPlist.strings */; };
		4CB3DD8818521DC400673478 /* main.m in Sources */ = {isa = PBXBuildFile; fileRef = 4CB3DD8718521DC400673478 /* main.m */; };
		4CB3DD8C18521DC400673478 /* KidlendarAppDelegate.m in Sources */ = {isa = PBXBuildFile; fileRef = 4CB3DD8B18521DC400673478 /* KidlendarAppDelegate.m */; };
		4CB3DD8E18521DC400673478 /* Images.xcassets in Resources */ = {isa = PBXBuildFile; fileRef = 4CB3DD8D18521DC400673478 /* Images.xcassets */; };
		4CB3DD9518521DC500673478 /* XCTest.framework in Frameworks */ = {isa = PBXBuildFile; fileRef = 4CB3DD9418521DC500673478 /* XCTest.framework */; };
		4CB3DD9618521DC500673478 /* Foundation.framework in Frameworks */ = {isa = PBXBuildFile; fileRef = 4CB3DD7B18521DC400673478 /* Foundation.framework */; };
		4CB3DD9718521DC500673478 /* UIKit.framework in Frameworks */ = {isa = PBXBuildFile; fileRef = 4CB3DD7F18521DC400673478 /* UIKit.framework */; };
		4CB3DD9F18521DC500673478 /* InfoPlist.strings in Resources */ = {isa = PBXBuildFile; fileRef = 4CB3DD9D18521DC500673478 /* InfoPlist.strings */; };
		4CB3DDA118521DC500673478 /* KidlendarTests.m in Sources */ = {isa = PBXBuildFile; fileRef = 4CB3DDA018521DC500673478 /* KidlendarTests.m */; };
		4CD2B92318A492E6002DA9E4 /* Security.framework in Frameworks */ = {isa = PBXBuildFile; fileRef = 4CD2B92218A492E6002DA9E4 /* Security.framework */; };
		4CD2B93218A4CF69002DA9E4 /* CFNetwork.framework in Frameworks */ = {isa = PBXBuildFile; fileRef = 4CD2B93118A4CF69002DA9E4 /* CFNetwork.framework */; };
		4CEEB9F818B4656100C7FA80 /* DiaryData.m in Sources */ = {isa = PBXBuildFile; fileRef = 4CEEB9F718B4656100C7FA80 /* DiaryData.m */; };
		4CEEB9FE18B47BAF00C7FA80 /* CloudData.m in Sources */ = {isa = PBXBuildFile; fileRef = 4CEEB9FD18B47BAF00C7FA80 /* CloudData.m */; };
		4CF5151918C2FCC70050E330 /* Social.framework in Frameworks */ = {isa = PBXBuildFile; fileRef = 4CF5151818C2FCC70050E330 /* Social.framework */; };
		4CF5151D18C314430050E330 /* 41-picture-frame.png in Resources */ = {isa = PBXBuildFile; fileRef = 4CF5151C18C314430050E330 /* 41-picture-frame.png */; };
		4CF5151F18C314500050E330 /* 42-photos.png in Resources */ = {isa = PBXBuildFile; fileRef = 4CF5151E18C314500050E330 /* 42-photos.png */; };
		4CF5152118C314840050E330 /* 83-calendar.png in Resources */ = {isa = PBXBuildFile; fileRef = 4CF5152018C314840050E330 /* 83-calendar.png */; };
		4CF5152618C325730050E330 /* fb_icon_325x325.png in Resources */ = {isa = PBXBuildFile; fileRef = 4CF5152218C325730050E330 /* fb_icon_325x325.png */; };
		4CF5152718C325730050E330 /* twitter-bird-white-on-blue.png in Resources */ = {isa = PBXBuildFile; fileRef = 4CF5152318C325730050E330 /* twitter-bird-white-on-blue.png */; };
		4CF5152818C325730050E330 /* SinaWeibo.png in Resources */ = {isa = PBXBuildFile; fileRef = 4CF5152418C325730050E330 /* SinaWeibo.png */; };
		4CF5152918C325730050E330 /* MetroUI-Apps-Dropbox-icon.png in Resources */ = {isa = PBXBuildFile; fileRef = 4CF5152518C325730050E330 /* MetroUI-Apps-Dropbox-icon.png */; };
		4CF592E0186D5BE500F1BEEB /* MonthViewController.m in Sources */ = {isa = PBXBuildFile; fileRef = 4CF592DE186D5BE500F1BEEB /* MonthViewController.m */; };
		4CF592E1186D5BE500F1BEEB /* MonthViewController.xib in Resources */ = {isa = PBXBuildFile; fileRef = 4CF592DF186D5BE500F1BEEB /* MonthViewController.xib */; };
		4CFB086C187E696A00456D5D /* DateModel.m in Sources */ = {isa = PBXBuildFile; fileRef = 4CFB086B187E696A00456D5D /* DateModel.m */; };
		4CFB086F187E6BFB00456D5D /* MonthModel.m in Sources */ = {isa = PBXBuildFile; fileRef = 4CFB086E187E6BFB00456D5D /* MonthModel.m */; };
		4CFB1B8018C8092200EC443A /* trash35@2x.png in Resources */ = {isa = PBXBuildFile; fileRef = 4CFB1B7D18C8092200EC443A /* trash35@2x.png */; };
		4CFB1B8118C8092200EC443A /* save35@2x.png in Resources */ = {isa = PBXBuildFile; fileRef = 4CFB1B7E18C8092200EC443A /* save35@2x.png */; };
		4CFB1B8218C8092200EC443A /* diaryTab@2x.png in Resources */ = {isa = PBXBuildFile; fileRef = 4CFB1B7F18C8092200EC443A /* diaryTab@2x.png */; };
		4CFB1B8418C8676300EC443A /* selectPhoto@2x.png in Resources */ = {isa = PBXBuildFile; fileRef = 4CFB1B8318C8676300EC443A /* selectPhoto@2x.png */; };
		4CFB6DC8186A6BAC001C8F05 /* CoreLocation.framework in Frameworks */ = {isa = PBXBuildFile; fileRef = 4CFB6DC7186A6BAC001C8F05 /* CoreLocation.framework */; };
		4CFEB19418C2CF9C00CFE1A1 /* uploadicon.png in Resources */ = {isa = PBXBuildFile; fileRef = 4CFEB19318C2CF9C00CFE1A1 /* uploadicon.png */; };
		4CFF692E18BF2B2900337857 /* ReminderView.m in Sources */ = {isa = PBXBuildFile; fileRef = 4CFF692D18BF2B2900337857 /* ReminderView.m */; };
		4CFF693118BF3FC000337857 /* RepeatView.m in Sources */ = {isa = PBXBuildFile; fileRef = 4CFF693018BF3FC000337857 /* RepeatView.m */; };
		4CFFD584189775270070C33C /* DiaryPhotoViewController.m in Sources */ = {isa = PBXBuildFile; fileRef = 4CFFD582189775270070C33C /* DiaryPhotoViewController.m */; };
		4CFFD585189775270070C33C /* DiaryPhotoViewController.xib in Resources */ = {isa = PBXBuildFile; fileRef = 4CFFD583189775270070C33C /* DiaryPhotoViewController.xib */; };
		4CFFD58A1897800A0070C33C /* lookup_amatorka.png in Resources */ = {isa = PBXBuildFile; fileRef = 4CFFD5891897800A0070C33C /* lookup_amatorka.png */; };
/* End PBXBuildFile section */

/* Begin PBXContainerItemProxy section */
		4C1E40B818B4616300A273A1 /* PBXContainerItemProxy */ = {
			isa = PBXContainerItemProxy;
			containerPortal = 4C1E40B218B4616300A273A1 /* GPUImage.xcodeproj */;
			proxyType = 2;
			remoteGlobalIDString = BCF1A33414DDB1EC00852800;
			remoteInfo = GPUImage;
		};
		4C1E40BA18B4616300A273A1 /* PBXContainerItemProxy */ = {
			isa = PBXContainerItemProxy;
			containerPortal = 4C1E40B218B4616300A273A1 /* GPUImage.xcodeproj */;
			proxyType = 2;
			remoteGlobalIDString = BCF1A34414DDB1EC00852800;
			remoteInfo = GPUImageTests;
		};
		4C1E40BC18B4618A00A273A1 /* PBXContainerItemProxy */ = {
			isa = PBXContainerItemProxy;
			containerPortal = 4C1E40B218B4616300A273A1 /* GPUImage.xcodeproj */;
			proxyType = 1;
			remoteGlobalIDString = BCF1A33314DDB1EC00852800;
			remoteInfo = GPUImage;
		};
		4CB3DD9818521DC500673478 /* PBXContainerItemProxy */ = {
			isa = PBXContainerItemProxy;
			containerPortal = 4CB3DD7018521DC400673478 /* Project object */;
			proxyType = 1;
			remoteGlobalIDString = 4CB3DD7718521DC400673478;
			remoteInfo = Kidlendar;
		};
/* End PBXContainerItemProxy section */

/* Begin PBXFileReference section */
		4C07B2BC18C8BE1600911045 /* x@2x.png */ = {isa = PBXFileReference; lastKnownFileType = image.png; path = "x@2x.png"; sourceTree = "<group>"; };
		4C07B2BD18C8BE1600911045 /* v@2x.png */ = {isa = PBXFileReference; lastKnownFileType = image.png; path = "v@2x.png"; sourceTree = "<group>"; };
		4C0C38C918673AD60001CC08 /* AssetsLibrary.framework */ = {isa = PBXFileReference; lastKnownFileType = wrapper.framework; name = AssetsLibrary.framework; path = System/Library/Frameworks/AssetsLibrary.framework; sourceTree = SDKROOT; };
		4C12B2EC18A1FC280046C5EC /* GoogleMaps.framework */ = {isa = PBXFileReference; lastKnownFileType = wrapper.framework; path = GoogleMaps.framework; sourceTree = "<group>"; };
		4C12B2EE18A1FD960046C5EC /* CoreText.framework */ = {isa = PBXFileReference; lastKnownFileType = wrapper.framework; name = CoreText.framework; path = System/Library/Frameworks/CoreText.framework; sourceTree = SDKROOT; };
		4C12B2F018A1FDA20046C5EC /* GLKit.framework */ = {isa = PBXFileReference; lastKnownFileType = wrapper.framework; name = GLKit.framework; path = System/Library/Frameworks/GLKit.framework; sourceTree = SDKROOT; };
		4C12B2F218A1FDAA0046C5EC /* ImageIO.framework */ = {isa = PBXFileReference; lastKnownFileType = wrapper.framework; name = ImageIO.framework; path = System/Library/Frameworks/ImageIO.framework; sourceTree = SDKROOT; };
		4C12B2F418A1FDBA0046C5EC /* libicucore.dylib */ = {isa = PBXFileReference; lastKnownFileType = "compiled.mach-o.dylib"; name = libicucore.dylib; path = usr/lib/libicucore.dylib; sourceTree = SDKROOT; };
		4C12B2F618A1FDC40046C5EC /* libz.dylib */ = {isa = PBXFileReference; lastKnownFileType = "compiled.mach-o.dylib"; name = libz.dylib; path = usr/lib/libz.dylib; sourceTree = SDKROOT; };
		4C12B2F818A1FDE60046C5EC /* SystemConfiguration.framework */ = {isa = PBXFileReference; lastKnownFileType = wrapper.framework; name = SystemConfiguration.framework; path = System/Library/Frameworks/SystemConfiguration.framework; sourceTree = SDKROOT; };
		4C12B2FD18A200790046C5EC /* libc++.dylib */ = {isa = PBXFileReference; lastKnownFileType = "compiled.mach-o.dylib"; name = "libc++.dylib"; path = "usr/lib/libc++.dylib"; sourceTree = SDKROOT; };
		4C1E40A518B459E500A273A1 /* Dropbox.framework */ = {isa = PBXFileReference; lastKnownFileType = wrapper.framework; path = Dropbox.framework; sourceTree = "<group>"; };
		4C1E40A718B459F700A273A1 /* FacebookSDK.framework */ = {isa = PBXFileReference; lastKnownFileType = wrapper.framework; path = FacebookSDK.framework; sourceTree = "<group>"; };
		4C1E40B218B4616300A273A1 /* GPUImage.xcodeproj */ = {isa = PBXFileReference; lastKnownFileType = "wrapper.pb-project"; name = GPUImage.xcodeproj; path = "../../Downloads/GPUImage-master-2/framework/GPUImage.xcodeproj"; sourceTree = "<group>"; };
		4C23963718B3295600BB87E7 /* FacebookModel.h */ = {isa = PBXFileReference; fileEncoding = 4; lastKnownFileType = sourcecode.c.h; path = FacebookModel.h; sourceTree = "<group>"; };
		4C23963818B3295600BB87E7 /* FacebookModel.m */ = {isa = PBXFileReference; fileEncoding = 4; lastKnownFileType = sourcecode.c.objc; path = FacebookModel.m; sourceTree = "<group>"; };
		4C23964418B3B5E800BB87E7 /* TempDiaryData.h */ = {isa = PBXFileReference; fileEncoding = 4; lastKnownFileType = sourcecode.c.h; path = TempDiaryData.h; sourceTree = "<group>"; };
		4C23964518B3B5E800BB87E7 /* TempDiaryData.m */ = {isa = PBXFileReference; fileEncoding = 4; lastKnownFileType = sourcecode.c.objc; path = TempDiaryData.m; sourceTree = "<group>"; };
		4C2E83BB1890BB450051215F /* CalendarStore.h */ = {isa = PBXFileReference; fileEncoding = 4; lastKnownFileType = sourcecode.c.h; path = CalendarStore.h; sourceTree = "<group>"; };
		4C2E83BC1890BB450051215F /* CalendarStore.m */ = {isa = PBXFileReference; fileEncoding = 4; lastKnownFileType = sourcecode.c.objc; path = CalendarStore.m; sourceTree = "<group>"; };
		4C315C7918AB298800A2A363 /* PhotoLoader.h */ = {isa = PBXFileReference; fileEncoding = 4; lastKnownFileType = sourcecode.c.h; path = PhotoLoader.h; sourceTree = "<group>"; };
		4C315C7A18AB298800A2A363 /* PhotoLoader.m */ = {isa = PBXFileReference; fileEncoding = 4; lastKnownFileType = sourcecode.c.objc; path = PhotoLoader.m; sourceTree = "<group>"; };
		4C3ECBBB18BC3C75002CD2FB /* WeekdayView.h */ = {isa = PBXFileReference; fileEncoding = 4; lastKnownFileType = sourcecode.c.h; path = WeekdayView.h; sourceTree = "<group>"; };
		4C3ECBBC18BC3C75002CD2FB /* WeekdayView.m */ = {isa = PBXFileReference; fileEncoding = 4; lastKnownFileType = sourcecode.c.objc; path = WeekdayView.m; sourceTree = "<group>"; };
		4C3EDA6A18C0CAB400FD7235 /* Parse.framework */ = {isa = PBXFileReference; lastKnownFileType = wrapper.framework; path = Parse.framework; sourceTree = "<group>"; };
		4C3EDA6C18C0CB0000FD7235 /* AudioToolbox.framework */ = {isa = PBXFileReference; lastKnownFileType = wrapper.framework; name = AudioToolbox.framework; path = System/Library/Frameworks/AudioToolbox.framework; sourceTree = SDKROOT; };
		4C3EDA6E18C0CB1D00FD7235 /* MobileCoreServices.framework */ = {isa = PBXFileReference; lastKnownFileType = wrapper.framework; name = MobileCoreServices.framework; path = System/Library/Frameworks/MobileCoreServices.framework; sourceTree = SDKROOT; };
		4C3EDA7018C0CB3B00FD7235 /* StoreKit.framework */ = {isa = PBXFileReference; lastKnownFileType = wrapper.framework; name = StoreKit.framework; path = System/Library/Frameworks/StoreKit.framework; sourceTree = SDKROOT; };
		4C3FBA5518C4CCFF0097C67D /* face_white.png */ = {isa = PBXFileReference; lastKnownFileType = image.png; path = face_white.png; sourceTree = "<group>"; };
		4C3FBA5618C4CCFF0097C67D /* face_yellow.png */ = {isa = PBXFileReference; lastKnownFileType = image.png; path = face_yellow.png; sourceTree = "<group>"; };
		4C417E7418714A4C000878FC /* DiaryDataStore.h */ = {isa = PBXFileReference; fileEncoding = 4; lastKnownFileType = sourcecode.c.h; name = DiaryDataStore.h; path = ../DiaryDataStore.h; sourceTree = "<group>"; };
		4C417E7518714A4C000878FC /* DiaryDataStore.m */ = {isa = PBXFileReference; fileEncoding = 4; lastKnownFileType = sourcecode.c.objc; name = DiaryDataStore.m; path = ../DiaryDataStore.m; sourceTree = "<group>"; };
		4C48FFA7188D61C40038AE6F /* OpenGLES.framework */ = {isa = PBXFileReference; lastKnownFileType = wrapper.framework; name = OpenGLES.framework; path = System/Library/Frameworks/OpenGLES.framework; sourceTree = SDKROOT; };
		4C48FFA9188D65580038AE6F /* CoreMedia.framework */ = {isa = PBXFileReference; lastKnownFileType = wrapper.framework; name = CoreMedia.framework; path = System/Library/Frameworks/CoreMedia.framework; sourceTree = SDKROOT; };
		4C48FFAB188D65620038AE6F /* CoreVideo.framework */ = {isa = PBXFileReference; lastKnownFileType = wrapper.framework; name = CoreVideo.framework; path = System/Library/Frameworks/CoreVideo.framework; sourceTree = SDKROOT; };
		4C48FFAE188D65820038AE6F /* AVFoundation.framework */ = {isa = PBXFileReference; lastKnownFileType = wrapper.framework; name = AVFoundation.framework; path = System/Library/Frameworks/AVFoundation.framework; sourceTree = SDKROOT; };
		4C4AAB6F18C6B39000458908 /* backup@2x.png */ = {isa = PBXFileReference; lastKnownFileType = image.png; path = "backup@2x.png"; sourceTree = "<group>"; };
		4C4AAB7018C6B39000458908 /* share@2x.png */ = {isa = PBXFileReference; lastKnownFileType = image.png; path = "share@2x.png"; sourceTree = "<group>"; };
		4C4AAB7118C6B39000458908 /* locationTag20@2x.png */ = {isa = PBXFileReference; lastKnownFileType = image.png; path = "locationTag20@2x.png"; sourceTree = "<group>"; };
		4C4AAB7218C6B39000458908 /* locationTag10@2x.png */ = {isa = PBXFileReference; lastKnownFileType = image.png; path = "locationTag10@2x.png"; sourceTree = "<group>"; };
		4C4AAB7318C6B39000458908 /* newDiary@2x.png */ = {isa = PBXFileReference; lastKnownFileType = image.png; path = "newDiary@2x.png"; sourceTree = "<group>"; };
		4C4AAB7418C6B39000458908 /* write@2x.png */ = {isa = PBXFileReference; lastKnownFileType = image.png; path = "write@2x.png"; sourceTree = "<group>"; };
		4C4AAB7518C6B39000458908 /* reminder@2x.png */ = {isa = PBXFileReference; lastKnownFileType = image.png; path = "reminder@2x.png"; sourceTree = "<group>"; };
		4C4CE27718BDB21E007217CA /* calendar.png */ = {isa = PBXFileReference; lastKnownFileType = image.png; path = calendar.png; sourceTree = "<group>"; };
		4C50B72D18B19CAD0065434A /* LocationData.h */ = {isa = PBXFileReference; fileEncoding = 4; lastKnownFileType = sourcecode.c.h; name = LocationData.h; path = ../LocationData.h; sourceTree = "<group>"; };
		4C50B72E18B19CAD0065434A /* LocationData.m */ = {isa = PBXFileReference; fileEncoding = 4; lastKnownFileType = sourcecode.c.objc; name = LocationData.m; path = ../LocationData.m; sourceTree = "<group>"; };
		4C50B73218B19DE50065434A /* LocationDataStore.h */ = {isa = PBXFileReference; fileEncoding = 4; lastKnownFileType = sourcecode.c.h; path = LocationDataStore.h; sourceTree = "<group>"; };
		4C50B73318B19DE50065434A /* LocationDataStore.m */ = {isa = PBXFileReference; fileEncoding = 4; lastKnownFileType = sourcecode.c.objc; path = LocationDataStore.m; sourceTree = "<group>"; };
		4C50B73518B1BB3D0065434A /* MapKitHelpers.h */ = {isa = PBXFileReference; fileEncoding = 4; lastKnownFileType = sourcecode.c.h; path = MapKitHelpers.h; sourceTree = "<group>"; };
		4C50B73618B1BB3D0065434A /* MapKitHelpers.m */ = {isa = PBXFileReference; fileEncoding = 4; lastKnownFileType = sourcecode.c.objc; path = MapKitHelpers.m; sourceTree = "<group>"; };
		4C51761C186FF309002F6F6D /* KidlendarModel.xcdatamodel */ = {isa = PBXFileReference; lastKnownFileType = wrapper.xcdatamodel; path = KidlendarModel.xcdatamodel; sourceTree = "<group>"; };
		4C51761E186FF707002F6F6D /* CoreData.framework */ = {isa = PBXFileReference; lastKnownFileType = wrapper.framework; name = CoreData.framework; path = System/Library/Frameworks/CoreData.framework; sourceTree = SDKROOT; };
		4C5420EF1857FC9D006D2DE4 /* QuartzCore.framework */ = {isa = PBXFileReference; lastKnownFileType = wrapper.framework; name = QuartzCore.framework; path = System/Library/Frameworks/QuartzCore.framework; sourceTree = SDKROOT; };
		4C5B01F318ACBD7E0030FCCC /* DiaryCreateViewController.h */ = {isa = PBXFileReference; fileEncoding = 4; lastKnownFileType = sourcecode.c.h; name = DiaryCreateViewController.h; path = ../DiaryCreateViewController.h; sourceTree = "<group>"; };
		4C5B01F418ACBD7E0030FCCC /* DiaryCreateViewController.m */ = {isa = PBXFileReference; fileEncoding = 4; lastKnownFileType = sourcecode.c.objc; name = DiaryCreateViewController.m; path = ../DiaryCreateViewController.m; sourceTree = "<group>"; };
		4C5B01F518ACBD7E0030FCCC /* DiaryCreateViewController.xib */ = {isa = PBXFileReference; fileEncoding = 4; lastKnownFileType = file.xib; name = DiaryCreateViewController.xib; path = ../DiaryCreateViewController.xib; sourceTree = "<group>"; };
		4C5BA25A1861731A00528843 /* 929-film-1@2x.png */ = {isa = PBXFileReference; lastKnownFileType = image.png; path = "929-film-1@2x.png"; sourceTree = "<group>"; };
		4C5BA25C1861745D00528843 /* 929-film-1.png */ = {isa = PBXFileReference; lastKnownFileType = image.png; path = "929-film-1.png"; sourceTree = "<group>"; };
		4C5C8FF918A8730100B40F7E /* DiaryEntryViewController.h */ = {isa = PBXFileReference; fileEncoding = 4; lastKnownFileType = sourcecode.c.h; path = DiaryEntryViewController.h; sourceTree = "<group>"; };
		4C5C8FFA18A8730100B40F7E /* DiaryEntryViewController.m */ = {isa = PBXFileReference; fileEncoding = 4; lastKnownFileType = sourcecode.c.objc; path = DiaryEntryViewController.m; sourceTree = "<group>"; };
		4C5C8FFB18A8730100B40F7E /* DiaryEntryViewController.xib */ = {isa = PBXFileReference; fileEncoding = 4; lastKnownFileType = file.xib; path = DiaryEntryViewController.xib; sourceTree = "<group>"; };
		4C61325518BECAED0025FD00 /* EventTableCell.xib */ = {isa = PBXFileReference; fileEncoding = 4; lastKnownFileType = file.xib; path = EventTableCell.xib; sourceTree = "<group>"; };
		4C61325918BECC8C0025FD00 /* EventTableCell.h */ = {isa = PBXFileReference; fileEncoding = 4; lastKnownFileType = sourcecode.c.h; path = EventTableCell.h; sourceTree = "<group>"; };
		4C61325A18BECC8C0025FD00 /* EventTableCell.m */ = {isa = PBXFileReference; fileEncoding = 4; lastKnownFileType = sourcecode.c.objc; path = EventTableCell.m; sourceTree = "<group>"; };
		4C61325C18BEE6200025FD00 /* clock.png */ = {isa = PBXFileReference; lastKnownFileType = image.png; path = clock.png; sourceTree = "<group>"; };
		4C61325E18BEE6790025FD00 /* repeat.png */ = {isa = PBXFileReference; lastKnownFileType = image.png; path = repeat.png; sourceTree = "<group>"; };
		4C61326918BF16990025FD00 /* EventCreateController.h */ = {isa = PBXFileReference; fileEncoding = 4; lastKnownFileType = sourcecode.c.h; name = EventCreateController.h; path = ../EventCreateController.h; sourceTree = "<group>"; };
		4C61326A18BF16990025FD00 /* EventCreateController.m */ = {isa = PBXFileReference; fileEncoding = 4; lastKnownFileType = sourcecode.c.objc; name = EventCreateController.m; path = ../EventCreateController.m; sourceTree = "<group>"; };
		4C61326B18BF16990025FD00 /* EventCreateController.xib */ = {isa = PBXFileReference; fileEncoding = 4; lastKnownFileType = file.xib; name = EventCreateController.xib; path = ../EventCreateController.xib; sourceTree = "<group>"; };
		4C67BAD518B6FBC300452539 /* SwitchCell.h */ = {isa = PBXFileReference; fileEncoding = 4; lastKnownFileType = sourcecode.c.h; path = SwitchCell.h; sourceTree = "<group>"; };
		4C67BAD618B6FBC300452539 /* SwitchCell.m */ = {isa = PBXFileReference; fileEncoding = 4; lastKnownFileType = sourcecode.c.objc; path = SwitchCell.m; sourceTree = "<group>"; };
		4C68364918BAE4B200FAA259 /* AlbumPhotoCell.h */ = {isa = PBXFileReference; fileEncoding = 4; lastKnownFileType = sourcecode.c.h; path = AlbumPhotoCell.h; sourceTree = "<group>"; };
		4C68364A18BAE4B200FAA259 /* AlbumPhotoCell.m */ = {isa = PBXFileReference; fileEncoding = 4; lastKnownFileType = sourcecode.c.objc; path = AlbumPhotoCell.m; sourceTree = "<group>"; };
		4C68364E18BB0FD100FAA259 /* FilterCell.h */ = {isa = PBXFileReference; fileEncoding = 4; lastKnownFileType = sourcecode.c.h; path = FilterCell.h; sourceTree = "<group>"; };
		4C68364F18BB0FD100FAA259 /* FilterCell.m */ = {isa = PBXFileReference; fileEncoding = 4; lastKnownFileType = sourcecode.c.objc; path = FilterCell.m; sourceTree = "<group>"; };
		4C68CAB918C6350E003776D2 /* calendarTab@2x.png */ = {isa = PBXFileReference; lastKnownFileType = image.png; path = "calendarTab@2x.png"; sourceTree = "<group>"; };
		4C68CABA18C6350E003776D2 /* settingTab@2x.png */ = {isa = PBXFileReference; lastKnownFileType = image.png; path = "settingTab@2x.png"; sourceTree = "<group>"; };
		4C68CABE18C63A51003776D2 /* playButton@2x.png */ = {isa = PBXFileReference; lastKnownFileType = image.png; path = "playButton@2x.png"; sourceTree = "<group>"; };
		4C6C49BE186DDB680042EB61 /* DiaryTableViewController.h */ = {isa = PBXFileReference; fileEncoding = 4; lastKnownFileType = sourcecode.c.h; path = DiaryTableViewController.h; sourceTree = "<group>"; };
		4C6C49BF186DDB680042EB61 /* DiaryTableViewController.m */ = {isa = PBXFileReference; fileEncoding = 4; lastKnownFileType = sourcecode.c.objc; path = DiaryTableViewController.m; sourceTree = "<group>"; };
		4C6C49C1186DDDDF0042EB61 /* DiaryViewController.h */ = {isa = PBXFileReference; fileEncoding = 4; lastKnownFileType = sourcecode.c.h; path = DiaryViewController.h; sourceTree = "<group>"; };
		4C6C49C2186DDDDF0042EB61 /* DiaryViewController.m */ = {isa = PBXFileReference; fileEncoding = 4; lastKnownFileType = sourcecode.c.objc; path = DiaryViewController.m; sourceTree = "<group>"; };
		4C6C49C3186DDDDF0042EB61 /* DiaryViewController.xib */ = {isa = PBXFileReference; fileEncoding = 4; lastKnownFileType = file.xib; path = DiaryViewController.xib; sourceTree = "<group>"; };
		4C73E01D18BFA5F3007ECCEC /* EventReviewController.h */ = {isa = PBXFileReference; fileEncoding = 4; lastKnownFileType = sourcecode.c.h; name = EventReviewController.h; path = ../EventReviewController.h; sourceTree = "<group>"; };
		4C73E01E18BFA5F3007ECCEC /* EventReviewController.m */ = {isa = PBXFileReference; fileEncoding = 4; lastKnownFileType = sourcecode.c.objc; name = EventReviewController.m; path = ../EventReviewController.m; sourceTree = "<group>"; };
		4C73E01F18BFA5F3007ECCEC /* EventReviewController.xib */ = {isa = PBXFileReference; fileEncoding = 4; lastKnownFileType = file.xib; name = EventReviewController.xib; path = ../EventReviewController.xib; sourceTree = "<group>"; };
		4C84A57118BF7278005A30AB /* ReminderButton.h */ = {isa = PBXFileReference; fileEncoding = 4; lastKnownFileType = sourcecode.c.h; path = ReminderButton.h; sourceTree = "<group>"; };
		4C84A57218BF7278005A30AB /* ReminderButton.m */ = {isa = PBXFileReference; fileEncoding = 4; lastKnownFileType = sourcecode.c.objc; path = ReminderButton.m; sourceTree = "<group>"; };
		4C88B385188E56E100F4F47E /* DiaryCell.h */ = {isa = PBXFileReference; fileEncoding = 4; lastKnownFileType = sourcecode.c.h; path = DiaryCell.h; sourceTree = "<group>"; };
		4C88B386188E56E100F4F47E /* DiaryCell.m */ = {isa = PBXFileReference; fileEncoding = 4; lastKnownFileType = sourcecode.c.objc; path = DiaryCell.m; sourceTree = "<group>"; };
		4C91918518AF3A4900ED4695 /* ImageStore.h */ = {isa = PBXFileReference; fileEncoding = 4; lastKnownFileType = sourcecode.c.h; path = ImageStore.h; sourceTree = "<group>"; };
		4C91918618AF3A4900ED4695 /* ImageStore.m */ = {isa = PBXFileReference; fileEncoding = 4; lastKnownFileType = sourcecode.c.objc; path = ImageStore.m; sourceTree = "<group>"; };
		4C9214C9185AAA29009A3090 /* DateView.h */ = {isa = PBXFileReference; fileEncoding = 4; lastKnownFileType = sourcecode.c.h; path = DateView.h; sourceTree = "<group>"; };
		4C9214CA185AAA29009A3090 /* DateView.m */ = {isa = PBXFileReference; fileEncoding = 4; lastKnownFileType = sourcecode.c.objc; path = DateView.m; sourceTree = "<group>"; };
		4C921558185AD39E009A3090 /* MonthCalendarView.h */ = {isa = PBXFileReference; fileEncoding = 4; lastKnownFileType = sourcecode.c.h; path = MonthCalendarView.h; sourceTree = "<group>"; };
		4C921559185AD39E009A3090 /* MonthCalendarView.m */ = {isa = PBXFileReference; fileEncoding = 4; lastKnownFileType = sourcecode.c.objc; path = MonthCalendarView.m; sourceTree = "<group>"; };
		4CA0368A18B7A12100015184 /* DiaryTableViewCell.h */ = {isa = PBXFileReference; fileEncoding = 4; lastKnownFileType = sourcecode.c.h; path = DiaryTableViewCell.h; sourceTree = "<group>"; };
		4CA0368B18B7A12100015184 /* DiaryTableViewCell.m */ = {isa = PBXFileReference; fileEncoding = 4; lastKnownFileType = sourcecode.c.objc; path = DiaryTableViewCell.m; sourceTree = "<group>"; };
		4CA0368F18B7A29F00015184 /* DiaryTableViewCell.xib */ = {isa = PBXFileReference; fileEncoding = 4; lastKnownFileType = file.xib; path = DiaryTableViewCell.xib; sourceTree = "<group>"; };
		4CA2506A1869377000AEA94E /* UIImage+Resize.h */ = {isa = PBXFileReference; fileEncoding = 4; lastKnownFileType = sourcecode.c.h; path = "UIImage+Resize.h"; sourceTree = "<group>"; };
		4CA2506B1869377000AEA94E /* UIImage+Resize.m */ = {isa = PBXFileReference; fileEncoding = 4; lastKnownFileType = sourcecode.c.objc; path = "UIImage+Resize.m"; sourceTree = "<group>"; };
		4CA2506D1869517400AEA94E /* DiaryPhotoCell.h */ = {isa = PBXFileReference; fileEncoding = 4; lastKnownFileType = sourcecode.c.h; path = DiaryPhotoCell.h; sourceTree = "<group>"; };
		4CA2506E1869517400AEA94E /* DiaryPhotoCell.m */ = {isa = PBXFileReference; fileEncoding = 4; lastKnownFileType = sourcecode.c.objc; path = DiaryPhotoCell.m; sourceTree = "<group>"; };
		4CB3BD2918A330D80006AFD4 /* SettingViewController.h */ = {isa = PBXFileReference; fileEncoding = 4; lastKnownFileType = sourcecode.c.h; name = SettingViewController.h; path = ../SettingViewController.h; sourceTree = "<group>"; };
		4CB3BD2A18A330D80006AFD4 /* SettingViewController.m */ = {isa = PBXFileReference; fileEncoding = 4; lastKnownFileType = sourcecode.c.objc; name = SettingViewController.m; path = ../SettingViewController.m; sourceTree = "<group>"; };
		4CB3BD2B18A330D80006AFD4 /* SettingViewController.xib */ = {isa = PBXFileReference; fileEncoding = 4; lastKnownFileType = file.xib; name = SettingViewController.xib; path = ../SettingViewController.xib; sourceTree = "<group>"; };
		4CB3DD7818521DC400673478 /* Kidlendar.app */ = {isa = PBXFileReference; explicitFileType = wrapper.application; includeInIndex = 0; path = Kidlendar.app; sourceTree = BUILT_PRODUCTS_DIR; };
		4CB3DD7B18521DC400673478 /* Foundation.framework */ = {isa = PBXFileReference; lastKnownFileType = wrapper.framework; name = Foundation.framework; path = System/Library/Frameworks/Foundation.framework; sourceTree = SDKROOT; };
		4CB3DD7D18521DC400673478 /* CoreGraphics.framework */ = {isa = PBXFileReference; lastKnownFileType = wrapper.framework; name = CoreGraphics.framework; path = System/Library/Frameworks/CoreGraphics.framework; sourceTree = SDKROOT; };
		4CB3DD7F18521DC400673478 /* UIKit.framework */ = {isa = PBXFileReference; lastKnownFileType = wrapper.framework; name = UIKit.framework; path = System/Library/Frameworks/UIKit.framework; sourceTree = SDKROOT; };
		4CB3DD8318521DC400673478 /* Kidlendar-Info.plist */ = {isa = PBXFileReference; lastKnownFileType = text.plist.xml; path = "Kidlendar-Info.plist"; sourceTree = "<group>"; };
		4CB3DD8518521DC400673478 /* en */ = {isa = PBXFileReference; lastKnownFileType = text.plist.strings; name = en; path = en.lproj/InfoPlist.strings; sourceTree = "<group>"; };
		4CB3DD8718521DC400673478 /* main.m */ = {isa = PBXFileReference; lastKnownFileType = sourcecode.c.objc; path = main.m; sourceTree = "<group>"; };
		4CB3DD8918521DC400673478 /* Kidlendar-Prefix.pch */ = {isa = PBXFileReference; lastKnownFileType = sourcecode.c.h; path = "Kidlendar-Prefix.pch"; sourceTree = "<group>"; };
		4CB3DD8A18521DC400673478 /* KidlendarAppDelegate.h */ = {isa = PBXFileReference; lastKnownFileType = sourcecode.c.h; path = KidlendarAppDelegate.h; sourceTree = "<group>"; };
		4CB3DD8B18521DC400673478 /* KidlendarAppDelegate.m */ = {isa = PBXFileReference; lastKnownFileType = sourcecode.c.objc; path = KidlendarAppDelegate.m; sourceTree = "<group>"; };
		4CB3DD8D18521DC400673478 /* Images.xcassets */ = {isa = PBXFileReference; lastKnownFileType = folder.assetcatalog; name = Images.xcassets; path = Kidlendar/Images.xcassets; sourceTree = "<group>"; };
		4CB3DD9318521DC500673478 /* KidlendarTests.xctest */ = {isa = PBXFileReference; explicitFileType = wrapper.cfbundle; includeInIndex = 0; path = KidlendarTests.xctest; sourceTree = BUILT_PRODUCTS_DIR; };
		4CB3DD9418521DC500673478 /* XCTest.framework */ = {isa = PBXFileReference; lastKnownFileType = wrapper.framework; name = XCTest.framework; path = Library/Frameworks/XCTest.framework; sourceTree = DEVELOPER_DIR; };
		4CB3DD9C18521DC500673478 /* KidlendarTests-Info.plist */ = {isa = PBXFileReference; lastKnownFileType = text.plist.xml; path = "KidlendarTests-Info.plist"; sourceTree = "<group>"; };
		4CB3DD9E18521DC500673478 /* en */ = {isa = PBXFileReference; lastKnownFileType = text.plist.strings; name = en; path = en.lproj/InfoPlist.strings; sourceTree = "<group>"; };
		4CB3DDA018521DC500673478 /* KidlendarTests.m */ = {isa = PBXFileReference; lastKnownFileType = sourcecode.c.objc; path = KidlendarTests.m; sourceTree = "<group>"; };
		4CD2B92218A492E6002DA9E4 /* Security.framework */ = {isa = PBXFileReference; lastKnownFileType = wrapper.framework; name = Security.framework; path = System/Library/Frameworks/Security.framework; sourceTree = SDKROOT; };
		4CD2B93118A4CF69002DA9E4 /* CFNetwork.framework */ = {isa = PBXFileReference; lastKnownFileType = wrapper.framework; name = CFNetwork.framework; path = System/Library/Frameworks/CFNetwork.framework; sourceTree = SDKROOT; };
		4CEEB9F618B4656100C7FA80 /* DiaryData.h */ = {isa = PBXFileReference; fileEncoding = 4; lastKnownFileType = sourcecode.c.h; name = DiaryData.h; path = ../DiaryData.h; sourceTree = "<group>"; };
		4CEEB9F718B4656100C7FA80 /* DiaryData.m */ = {isa = PBXFileReference; fileEncoding = 4; lastKnownFileType = sourcecode.c.objc; name = DiaryData.m; path = ../DiaryData.m; sourceTree = "<group>"; };
		4CEEB9FC18B47BAF00C7FA80 /* CloudData.h */ = {isa = PBXFileReference; fileEncoding = 4; lastKnownFileType = sourcecode.c.h; path = CloudData.h; sourceTree = "<group>"; };
		4CEEB9FD18B47BAF00C7FA80 /* CloudData.m */ = {isa = PBXFileReference; fileEncoding = 4; lastKnownFileType = sourcecode.c.objc; path = CloudData.m; sourceTree = "<group>"; };
		4CF5151818C2FCC70050E330 /* Social.framework */ = {isa = PBXFileReference; lastKnownFileType = wrapper.framework; name = Social.framework; path = System/Library/Frameworks/Social.framework; sourceTree = SDKROOT; };
		4CF5151C18C314430050E330 /* 41-picture-frame.png */ = {isa = PBXFileReference; lastKnownFileType = image.png; path = "41-picture-frame.png"; sourceTree = "<group>"; };
		4CF5151E18C314500050E330 /* 42-photos.png */ = {isa = PBXFileReference; lastKnownFileType = image.png; path = "42-photos.png"; sourceTree = "<group>"; };
		4CF5152018C314840050E330 /* 83-calendar.png */ = {isa = PBXFileReference; lastKnownFileType = image.png; path = "83-calendar.png"; sourceTree = "<group>"; };
		4CF5152218C325730050E330 /* fb_icon_325x325.png */ = {isa = PBXFileReference; lastKnownFileType = image.png; path = fb_icon_325x325.png; sourceTree = "<group>"; };
		4CF5152318C325730050E330 /* twitter-bird-white-on-blue.png */ = {isa = PBXFileReference; lastKnownFileType = image.png; path = "twitter-bird-white-on-blue.png"; sourceTree = "<group>"; };
		4CF5152418C325730050E330 /* SinaWeibo.png */ = {isa = PBXFileReference; lastKnownFileType = image.png; path = SinaWeibo.png; sourceTree = "<group>"; };
		4CF5152518C325730050E330 /* MetroUI-Apps-Dropbox-icon.png */ = {isa = PBXFileReference; lastKnownFileType = image.png; path = "MetroUI-Apps-Dropbox-icon.png"; sourceTree = "<group>"; };
		4CF592DD186D5BE500F1BEEB /* MonthViewController.h */ = {isa = PBXFileReference; fileEncoding = 4; lastKnownFileType = sourcecode.c.h; path = MonthViewController.h; sourceTree = "<group>"; };
		4CF592DE186D5BE500F1BEEB /* MonthViewController.m */ = {isa = PBXFileReference; fileEncoding = 4; lastKnownFileType = sourcecode.c.objc; path = MonthViewController.m; sourceTree = "<group>"; };
		4CF592DF186D5BE500F1BEEB /* MonthViewController.xib */ = {isa = PBXFileReference; fileEncoding = 4; lastKnownFileType = file.xib; path = MonthViewController.xib; sourceTree = "<group>"; };
		4CFB086A187E696A00456D5D /* DateModel.h */ = {isa = PBXFileReference; fileEncoding = 4; lastKnownFileType = sourcecode.c.h; path = DateModel.h; sourceTree = "<group>"; };
		4CFB086B187E696A00456D5D /* DateModel.m */ = {isa = PBXFileReference; fileEncoding = 4; lastKnownFileType = sourcecode.c.objc; path = DateModel.m; sourceTree = "<group>"; };
		4CFB086D187E6BFB00456D5D /* MonthModel.h */ = {isa = PBXFileReference; fileEncoding = 4; lastKnownFileType = sourcecode.c.h; path = MonthModel.h; sourceTree = "<group>"; };
		4CFB086E187E6BFB00456D5D /* MonthModel.m */ = {isa = PBXFileReference; fileEncoding = 4; lastKnownFileType = sourcecode.c.objc; path = MonthModel.m; sourceTree = "<group>"; };
		4CFB1B7D18C8092200EC443A /* trash35@2x.png */ = {isa = PBXFileReference; lastKnownFileType = image.png; path = "trash35@2x.png"; sourceTree = "<group>"; };
		4CFB1B7E18C8092200EC443A /* save35@2x.png */ = {isa = PBXFileReference; lastKnownFileType = image.png; path = "save35@2x.png"; sourceTree = "<group>"; };
		4CFB1B7F18C8092200EC443A /* diaryTab@2x.png */ = {isa = PBXFileReference; lastKnownFileType = image.png; path = "diaryTab@2x.png"; sourceTree = "<group>"; };
		4CFB1B8318C8676300EC443A /* selectPhoto@2x.png */ = {isa = PBXFileReference; lastKnownFileType = image.png; path = "selectPhoto@2x.png"; sourceTree = "<group>"; };
		4CFB6DC7186A6BAC001C8F05 /* CoreLocation.framework */ = {isa = PBXFileReference; lastKnownFileType = wrapper.framework; name = CoreLocation.framework; path = System/Library/Frameworks/CoreLocation.framework; sourceTree = SDKROOT; };
		4CFEB19318C2CF9C00CFE1A1 /* uploadicon.png */ = {isa = PBXFileReference; lastKnownFileType = image.png; path = uploadicon.png; sourceTree = "<group>"; };
		4CFF692C18BF2B2900337857 /* ReminderView.h */ = {isa = PBXFileReference; fileEncoding = 4; lastKnownFileType = sourcecode.c.h; path = ReminderView.h; sourceTree = "<group>"; };
		4CFF692D18BF2B2900337857 /* ReminderView.m */ = {isa = PBXFileReference; fileEncoding = 4; lastKnownFileType = sourcecode.c.objc; path = ReminderView.m; sourceTree = "<group>"; };
		4CFF692F18BF3FC000337857 /* RepeatView.h */ = {isa = PBXFileReference; fileEncoding = 4; lastKnownFileType = sourcecode.c.h; path = RepeatView.h; sourceTree = "<group>"; };
		4CFF693018BF3FC000337857 /* RepeatView.m */ = {isa = PBXFileReference; fileEncoding = 4; lastKnownFileType = sourcecode.c.objc; path = RepeatView.m; sourceTree = "<group>"; };
		4CFFD581189775270070C33C /* DiaryPhotoViewController.h */ = {isa = PBXFileReference; fileEncoding = 4; lastKnownFileType = sourcecode.c.h; path = DiaryPhotoViewController.h; sourceTree = "<group>"; };
		4CFFD582189775270070C33C /* DiaryPhotoViewController.m */ = {isa = PBXFileReference; fileEncoding = 4; lastKnownFileType = sourcecode.c.objc; path = DiaryPhotoViewController.m; sourceTree = "<group>"; };
		4CFFD583189775270070C33C /* DiaryPhotoViewController.xib */ = {isa = PBXFileReference; fileEncoding = 4; lastKnownFileType = file.xib; path = DiaryPhotoViewController.xib; sourceTree = "<group>"; };
		4CFFD5891897800A0070C33C /* lookup_amatorka.png */ = {isa = PBXFileReference; lastKnownFileType = image.png; path = lookup_amatorka.png; sourceTree = "<group>"; };
/* End PBXFileReference section */

/* Begin PBXFrameworksBuildPhase section */
		4CB3DD7518521DC400673478 /* Frameworks */ = {
			isa = PBXFrameworksBuildPhase;
			buildActionMask = 2147483647;
			files = (
				4C3EDA6D18C0CB0000FD7235 /* AudioToolbox.framework in Frameworks */,
				4C0C38CA18673AD60001CC08 /* AssetsLibrary.framework in Frameworks */,
				4C48FFAF188D65820038AE6F /* AVFoundation.framework in Frameworks */,
				4CB3DD7E18521DC400673478 /* CoreGraphics.framework in Frameworks */,
				4C12B2EF18A1FD960046C5EC /* CoreText.framework in Frameworks */,
				4C48FFAC188D65620038AE6F /* CoreVideo.framework in Frameworks */,
				4C48FFAA188D65580038AE6F /* CoreMedia.framework in Frameworks */,
				4C51761F186FF707002F6F6D /* CoreData.framework in Frameworks */,
				4CFB6DC8186A6BAC001C8F05 /* CoreLocation.framework in Frameworks */,
				4CD2B93218A4CF69002DA9E4 /* CFNetwork.framework in Frameworks */,
				4C12B2F118A1FDA20046C5EC /* GLKit.framework in Frameworks */,
				4C1E40A618B459E500A273A1 /* Dropbox.framework in Frameworks */,
				4CB3DD7C18521DC400673478 /* Foundation.framework in Frameworks */,
				4C1E40A818B459F700A273A1 /* FacebookSDK.framework in Frameworks */,
				4C12B2ED18A1FC280046C5EC /* GoogleMaps.framework in Frameworks */,
				4C12B2F318A1FDAA0046C5EC /* ImageIO.framework in Frameworks */,
				4C1E40BE18B4619B00A273A1 /* libGPUImage.a in Frameworks */,
				4C12B2FE18A200790046C5EC /* libc++.dylib in Frameworks */,
				4C12B2F718A1FDC40046C5EC /* libz.dylib in Frameworks */,
				4C12B2F518A1FDBA0046C5EC /* libicucore.dylib in Frameworks */,
				4C3EDA6F18C0CB1D00FD7235 /* MobileCoreServices.framework in Frameworks */,
				4C48FFAD188D656F0038AE6F /* OpenGLES.framework in Frameworks */,
				4C3EDA6B18C0CAB400FD7235 /* Parse.framework in Frameworks */,
				4C5420F01857FC9D006D2DE4 /* QuartzCore.framework in Frameworks */,
				4CD2B92318A492E6002DA9E4 /* Security.framework in Frameworks */,
				4CF5151918C2FCC70050E330 /* Social.framework in Frameworks */,
				4C3EDA7118C0CB3B00FD7235 /* StoreKit.framework in Frameworks */,
				4C12B2F918A1FDE60046C5EC /* SystemConfiguration.framework in Frameworks */,
				4CB3DD8018521DC400673478 /* UIKit.framework in Frameworks */,
			);
			runOnlyForDeploymentPostprocessing = 0;
		};
		4CB3DD9018521DC500673478 /* Frameworks */ = {
			isa = PBXFrameworksBuildPhase;
			buildActionMask = 2147483647;
			files = (
				4CB3DD9518521DC500673478 /* XCTest.framework in Frameworks */,
				4CB3DD9718521DC500673478 /* UIKit.framework in Frameworks */,
				4CB3DD9618521DC500673478 /* Foundation.framework in Frameworks */,
			);
			runOnlyForDeploymentPostprocessing = 0;
		};
/* End PBXFrameworksBuildPhase section */

/* Begin PBXGroup section */
		4C0C38C518673A240001CC08 /* Diary */ = {
			isa = PBXGroup;
			children = (
				4C417E7C18714ACA000878FC /* View */,
			);
			name = Diary;
			sourceTree = "<group>";
		};
		4C1E40B318B4616300A273A1 /* Products */ = {
			isa = PBXGroup;
			children = (
				4C1E40B918B4616300A273A1 /* libGPUImage.a */,
				4C1E40BB18B4616300A273A1 /* GPUImageTests.octest */,
			);
			name = Products;
			sourceTree = "<group>";
		};
		4C315C7C18AB299500A2A363 /* Model */ = {
			isa = PBXGroup;
			children = (
				4C51761B186FF309002F6F6D /* KidlendarModel.xcdatamodeld */,
				4C91918818AF3D3100ED4695 /* Other Model */,
				4CFB0869187E68D600456D5D /* Calendar Model */,
				4C417E7A18714A69000878FC /* Diary Model */,
			);
			name = Model;
			sourceTree = "<group>";
		};
		4C3E3EA818865AFE00D02397 /* Event */ = {
			isa = PBXGroup;
			children = (
				4C86E92E188F96E600137B6A /* Controller */,
			);
			name = Event;
			sourceTree = "<group>";
		};
		4C417E7A18714A69000878FC /* Diary Model */ = {
			isa = PBXGroup;
			children = (
				4CEEB9F618B4656100C7FA80 /* DiaryData.h */,
				4CEEB9F718B4656100C7FA80 /* DiaryData.m */,
				4C23964418B3B5E800BB87E7 /* TempDiaryData.h */,
				4C23964518B3B5E800BB87E7 /* TempDiaryData.m */,
				4C417E7418714A4C000878FC /* DiaryDataStore.h */,
				4C417E7518714A4C000878FC /* DiaryDataStore.m */,
			);
			name = "Diary Model";
			sourceTree = "<group>";
		};
		4C417E7C18714ACA000878FC /* View */ = {
			isa = PBXGroup;
			children = (
				4C5B01F318ACBD7E0030FCCC /* DiaryCreateViewController.h */,
				4C5B01F418ACBD7E0030FCCC /* DiaryCreateViewController.m */,
				4C5B01F518ACBD7E0030FCCC /* DiaryCreateViewController.xib */,
				4C68364918BAE4B200FAA259 /* AlbumPhotoCell.h */,
				4C68364A18BAE4B200FAA259 /* AlbumPhotoCell.m */,
				4C6C49BE186DDB680042EB61 /* DiaryTableViewController.h */,
				4C6C49BF186DDB680042EB61 /* DiaryTableViewController.m */,
				4CA0368A18B7A12100015184 /* DiaryTableViewCell.h */,
				4CA0368B18B7A12100015184 /* DiaryTableViewCell.m */,
				4CA0368F18B7A29F00015184 /* DiaryTableViewCell.xib */,
				4C5C8FF918A8730100B40F7E /* DiaryEntryViewController.h */,
				4C5C8FFA18A8730100B40F7E /* DiaryEntryViewController.m */,
				4C5C8FFB18A8730100B40F7E /* DiaryEntryViewController.xib */,
				4CFFD581189775270070C33C /* DiaryPhotoViewController.h */,
				4CFFD582189775270070C33C /* DiaryPhotoViewController.m */,
				4CFFD583189775270070C33C /* DiaryPhotoViewController.xib */,
				4C68364E18BB0FD100FAA259 /* FilterCell.h */,
				4C68364F18BB0FD100FAA259 /* FilterCell.m */,
				4C6C49C1186DDDDF0042EB61 /* DiaryViewController.h */,
				4C6C49C2186DDDDF0042EB61 /* DiaryViewController.m */,
				4C6C49C3186DDDDF0042EB61 /* DiaryViewController.xib */,
				4CA2506D1869517400AEA94E /* DiaryPhotoCell.h */,
				4CA2506E1869517400AEA94E /* DiaryPhotoCell.m */,
			);
			name = View;
			sourceTree = "<group>";
		};
		4C68CAB718C6303F003776D2 /* Images */ = {
			isa = PBXGroup;
			children = (
				4CFB1B8318C8676300EC443A /* selectPhoto@2x.png */,
				4C68CABE18C63A51003776D2 /* playButton@2x.png */,
				4C68CAB918C6350E003776D2 /* calendarTab@2x.png */,
				4C68CABA18C6350E003776D2 /* settingTab@2x.png */,
				4C5BA25C1861745D00528843 /* 929-film-1.png */,
				4C5BA25A1861731A00528843 /* 929-film-1@2x.png */,
				4CB3DD8318521DC400673478 /* Kidlendar-Info.plist */,
				4C3FBA5518C4CCFF0097C67D /* face_white.png */,
				4C3FBA5618C4CCFF0097C67D /* face_yellow.png */,
				4CF5152218C325730050E330 /* fb_icon_325x325.png */,
				4C4AAB6F18C6B39000458908 /* backup@2x.png */,
				4C4AAB7018C6B39000458908 /* share@2x.png */,
				4C4AAB7118C6B39000458908 /* locationTag20@2x.png */,
				4C4AAB7218C6B39000458908 /* locationTag10@2x.png */,
				4C4AAB7318C6B39000458908 /* newDiary@2x.png */,
				4C4AAB7418C6B39000458908 /* write@2x.png */,
				4C4AAB7518C6B39000458908 /* reminder@2x.png */,
				4CF5152318C325730050E330 /* twitter-bird-white-on-blue.png */,
				4CF5152418C325730050E330 /* SinaWeibo.png */,
				4CF5152518C325730050E330 /* MetroUI-Apps-Dropbox-icon.png */,
				4CF5152018C314840050E330 /* 83-calendar.png */,
				4CF5151E18C314500050E330 /* 42-photos.png */,
				4CF5151C18C314430050E330 /* 41-picture-frame.png */,
				4CFEB19318C2CF9C00CFE1A1 /* uploadicon.png */,
				4C61325C18BEE6200025FD00 /* clock.png */,
				4C61325E18BEE6790025FD00 /* repeat.png */,
				4C4CE27718BDB21E007217CA /* calendar.png */,
			);
			name = Images;
			sourceTree = "<group>";
		};
		4C86E92E188F96E600137B6A /* Controller */ = {
			isa = PBXGroup;
			children = (
				4C73E01D18BFA5F3007ECCEC /* EventReviewController.h */,
				4C73E01E18BFA5F3007ECCEC /* EventReviewController.m */,
				4C73E01F18BFA5F3007ECCEC /* EventReviewController.xib */,
				4C61326918BF16990025FD00 /* EventCreateController.h */,
				4C61326A18BF16990025FD00 /* EventCreateController.m */,
				4C61326B18BF16990025FD00 /* EventCreateController.xib */,
				4CFF692C18BF2B2900337857 /* ReminderView.h */,
				4CFF692D18BF2B2900337857 /* ReminderView.m */,
				4C84A57118BF7278005A30AB /* ReminderButton.h */,
				4C84A57218BF7278005A30AB /* ReminderButton.m */,
				4CFF692F18BF3FC000337857 /* RepeatView.h */,
				4CFF693018BF3FC000337857 /* RepeatView.m */,
			);
			name = Controller;
			sourceTree = "<group>";
		};
		4C91918818AF3D3100ED4695 /* Other Model */ = {
			isa = PBXGroup;
			children = (
				4CEEB9FC18B47BAF00C7FA80 /* CloudData.h */,
				4CEEB9FD18B47BAF00C7FA80 /* CloudData.m */,
				4C91918518AF3A4900ED4695 /* ImageStore.h */,
				4C91918618AF3A4900ED4695 /* ImageStore.m */,
				4C315C7918AB298800A2A363 /* PhotoLoader.h */,
				4C315C7A18AB298800A2A363 /* PhotoLoader.m */,
				4C23963718B3295600BB87E7 /* FacebookModel.h */,
				4C23963818B3295600BB87E7 /* FacebookModel.m */,
			);
			name = "Other Model";
			sourceTree = "<group>";
		};
		4C92155E185AD445009A3090 /* Calendar */ = {
			isa = PBXGroup;
			children = (
				4CF592DD186D5BE500F1BEEB /* MonthViewController.h */,
				4CF592DE186D5BE500F1BEEB /* MonthViewController.m */,
				4CF592DF186D5BE500F1BEEB /* MonthViewController.xib */,
				4C61325518BECAED0025FD00 /* EventTableCell.xib */,
				4C61325918BECC8C0025FD00 /* EventTableCell.h */,
				4C61325A18BECC8C0025FD00 /* EventTableCell.m */,
				4C88B385188E56E100F4F47E /* DiaryCell.h */,
				4C88B386188E56E100F4F47E /* DiaryCell.m */,
				4C921558185AD39E009A3090 /* MonthCalendarView.h */,
				4C921559185AD39E009A3090 /* MonthCalendarView.m */,
				4C3ECBBB18BC3C75002CD2FB /* WeekdayView.h */,
				4C3ECBBC18BC3C75002CD2FB /* WeekdayView.m */,
				4C9214C9185AAA29009A3090 /* DateView.h */,
				4C9214CA185AAA29009A3090 /* DateView.m */,
			);
			name = Calendar;
			sourceTree = "<group>";
		};
		4CB3BD2E18A331BD0006AFD4 /* Setting */ = {
			isa = PBXGroup;
			children = (
				4CB3BD2918A330D80006AFD4 /* SettingViewController.h */,
				4CB3BD2A18A330D80006AFD4 /* SettingViewController.m */,
				4CB3BD2B18A330D80006AFD4 /* SettingViewController.xib */,
				4C67BAD518B6FBC300452539 /* SwitchCell.h */,
				4C67BAD618B6FBC300452539 /* SwitchCell.m */,
			);
			name = Setting;
			sourceTree = "<group>";
		};
		4CB3DD6F18521DC400673478 = {
			isa = PBXGroup;
			children = (
				4CFB1B7D18C8092200EC443A /* trash35@2x.png */,
				4CFB1B7E18C8092200EC443A /* save35@2x.png */,
				4CFB1B7F18C8092200EC443A /* diaryTab@2x.png */,
				4C1E40B218B4616300A273A1 /* GPUImage.xcodeproj */,
				4CFFD5891897800A0070C33C /* lookup_amatorka.png */,
				4CB3DD8118521DC400673478 /* Kidlendar */,
				4CB3DD8218521DC400673478 /* Supporting Files */,
				4CB3DD9A18521DC500673478 /* KidlendarTests */,
				4CB3DD7A18521DC400673478 /* Frameworks */,
				4CB3DD7918521DC400673478 /* Products */,
				4CB3DD8D18521DC400673478 /* Images.xcassets */,
			);
			sourceTree = "<group>";
		};
		4CB3DD7918521DC400673478 /* Products */ = {
			isa = PBXGroup;
			children = (
				4CB3DD7818521DC400673478 /* Kidlendar.app */,
				4CB3DD9318521DC500673478 /* KidlendarTests.xctest */,
			);
			name = Products;
			sourceTree = "<group>";
		};
		4CB3DD7A18521DC400673478 /* Frameworks */ = {
			isa = PBXGroup;
			children = (
				4CF5151818C2FCC70050E330 /* Social.framework */,
				4C3EDA7018C0CB3B00FD7235 /* StoreKit.framework */,
				4C3EDA6E18C0CB1D00FD7235 /* MobileCoreServices.framework */,
				4C3EDA6C18C0CB0000FD7235 /* AudioToolbox.framework */,
				4C1E40A718B459F700A273A1 /* FacebookSDK.framework */,
				4C1E40A518B459E500A273A1 /* Dropbox.framework */,
				4CD2B93118A4CF69002DA9E4 /* CFNetwork.framework */,
				4CD2B92218A492E6002DA9E4 /* Security.framework */,
				4C12B2FD18A200790046C5EC /* libc++.dylib */,
				4C3EDA6A18C0CAB400FD7235 /* Parse.framework */,
				4C12B2F818A1FDE60046C5EC /* SystemConfiguration.framework */,
				4C12B2F618A1FDC40046C5EC /* libz.dylib */,
				4C12B2F418A1FDBA0046C5EC /* libicucore.dylib */,
				4C12B2F218A1FDAA0046C5EC /* ImageIO.framework */,
				4C12B2F018A1FDA20046C5EC /* GLKit.framework */,
				4C12B2EE18A1FD960046C5EC /* CoreText.framework */,
				4C12B2EC18A1FC280046C5EC /* GoogleMaps.framework */,
				4C48FFAE188D65820038AE6F /* AVFoundation.framework */,
				4C48FFAB188D65620038AE6F /* CoreVideo.framework */,
				4C48FFA9188D65580038AE6F /* CoreMedia.framework */,
				4C48FFA7188D61C40038AE6F /* OpenGLES.framework */,
				4C51761E186FF707002F6F6D /* CoreData.framework */,
				4CFB6DC7186A6BAC001C8F05 /* CoreLocation.framework */,
				4C0C38C918673AD60001CC08 /* AssetsLibrary.framework */,
				4C5420EF1857FC9D006D2DE4 /* QuartzCore.framework */,
				4CB3DD7B18521DC400673478 /* Foundation.framework */,
				4CB3DD7D18521DC400673478 /* CoreGraphics.framework */,
				4CB3DD7F18521DC400673478 /* UIKit.framework */,
				4CB3DD9418521DC500673478 /* XCTest.framework */,
			);
			name = Frameworks;
			sourceTree = "<group>";
		};
		4CB3DD8118521DC400673478 /* Kidlendar */ = {
			isa = PBXGroup;
			children = (
				4CB3DD8A18521DC400673478 /* KidlendarAppDelegate.h */,
				4CB3DD8B18521DC400673478 /* KidlendarAppDelegate.m */,
				4C0C38C518673A240001CC08 /* Diary */,
				4C315C7C18AB299500A2A363 /* Model */,
				4CB3BD2E18A331BD0006AFD4 /* Setting */,
				4C3E3EA818865AFE00D02397 /* Event */,
				4C92155E185AD445009A3090 /* Calendar */,
			);
			path = Kidlendar;
			sourceTree = "<group>";
		};
		4CB3DD8218521DC400673478 /* Supporting Files */ = {
			isa = PBXGroup;
			children = (
				4C07B2BC18C8BE1600911045 /* x@2x.png */,
				4C07B2BD18C8BE1600911045 /* v@2x.png */,
				4CA2506A1869377000AEA94E /* UIImage+Resize.h */,
				4CA2506B1869377000AEA94E /* UIImage+Resize.m */,
				4CB3DD8418521DC400673478 /* InfoPlist.strings */,
				4CB3DD8718521DC400673478 /* main.m */,
				4CB3DD8918521DC400673478 /* Kidlendar-Prefix.pch */,
				4C68CAB718C6303F003776D2 /* Images */,
			);
			name = "Supporting Files";
			path = Kidlendar;
			sourceTree = "<group>";
		};
		4CB3DD9A18521DC500673478 /* KidlendarTests */ = {
			isa = PBXGroup;
			children = (
				4CB3DDA018521DC500673478 /* KidlendarTests.m */,
				4CB3DD9B18521DC500673478 /* Supporting Files */,
			);
			path = KidlendarTests;
			sourceTree = "<group>";
		};
		4CB3DD9B18521DC500673478 /* Supporting Files */ = {
			isa = PBXGroup;
			children = (
				4CB3DD9C18521DC500673478 /* KidlendarTests-Info.plist */,
				4CB3DD9D18521DC500673478 /* InfoPlist.strings */,
			);
			name = "Supporting Files";
			sourceTree = "<group>";
		};
		4CFB0869187E68D600456D5D /* Calendar Model */ = {
			isa = PBXGroup;
			children = (
				4C50B73518B1BB3D0065434A /* MapKitHelpers.h */,
				4C50B73618B1BB3D0065434A /* MapKitHelpers.m */,
				4C50B73218B19DE50065434A /* LocationDataStore.h */,
				4C50B73318B19DE50065434A /* LocationDataStore.m */,
				4C50B72D18B19CAD0065434A /* LocationData.h */,
				4C50B72E18B19CAD0065434A /* LocationData.m */,
				4CFB086A187E696A00456D5D /* DateModel.h */,
				4CFB086B187E696A00456D5D /* DateModel.m */,
				4CFB086D187E6BFB00456D5D /* MonthModel.h */,
				4CFB086E187E6BFB00456D5D /* MonthModel.m */,
				4C2E83BB1890BB450051215F /* CalendarStore.h */,
				4C2E83BC1890BB450051215F /* CalendarStore.m */,
			);
			name = "Calendar Model";
			sourceTree = "<group>";
		};
/* End PBXGroup section */

/* Begin PBXNativeTarget section */
		4CB3DD7718521DC400673478 /* Kidlendar */ = {
			isa = PBXNativeTarget;
			buildConfigurationList = 4CB3DDA418521DC500673478 /* Build configuration list for PBXNativeTarget "Kidlendar" */;
			buildPhases = (
				4CB3DD7418521DC400673478 /* Sources */,
				4CB3DD7518521DC400673478 /* Frameworks */,
				4CB3DD7618521DC400673478 /* Resources */,
			);
			buildRules = (
			);
			dependencies = (
				4C1E40BD18B4618A00A273A1 /* PBXTargetDependency */,
			);
			name = Kidlendar;
			productName = Kidlendar;
			productReference = 4CB3DD7818521DC400673478 /* Kidlendar.app */;
			productType = "com.apple.product-type.application";
		};
		4CB3DD9218521DC500673478 /* KidlendarTests */ = {
			isa = PBXNativeTarget;
			buildConfigurationList = 4CB3DDA718521DC500673478 /* Build configuration list for PBXNativeTarget "KidlendarTests" */;
			buildPhases = (
				4CB3DD8F18521DC500673478 /* Sources */,
				4CB3DD9018521DC500673478 /* Frameworks */,
				4CB3DD9118521DC500673478 /* Resources */,
			);
			buildRules = (
			);
			dependencies = (
				4CB3DD9918521DC500673478 /* PBXTargetDependency */,
			);
			name = KidlendarTests;
			productName = KidlendarTests;
			productReference = 4CB3DD9318521DC500673478 /* KidlendarTests.xctest */;
			productType = "com.apple.product-type.bundle.unit-test";
		};
/* End PBXNativeTarget section */

/* Begin PBXProject section */
		4CB3DD7018521DC400673478 /* Project object */ = {
			isa = PBXProject;
			attributes = {
				CLASSPREFIX = Kidlendar;
				LastUpgradeCheck = 0500;
				ORGANIZATIONNAME = MarriageKiller;
				TargetAttributes = {
					4CB3DD7718521DC400673478 = {
						DevelopmentTeam = CH89446XPL;
					};
					4CB3DD9218521DC500673478 = {
						TestTargetID = 4CB3DD7718521DC400673478;
					};
				};
			};
			buildConfigurationList = 4CB3DD7318521DC400673478 /* Build configuration list for PBXProject "Kidlendar" */;
			compatibilityVersion = "Xcode 3.2";
			developmentRegion = English;
			hasScannedForEncodings = 0;
			knownRegions = (
				en,
				Base,
			);
			mainGroup = 4CB3DD6F18521DC400673478;
			productRefGroup = 4CB3DD7918521DC400673478 /* Products */;
			projectDirPath = "";
			projectReferences = (
				{
					ProductGroup = 4C1E40B318B4616300A273A1 /* Products */;
					ProjectRef = 4C1E40B218B4616300A273A1 /* GPUImage.xcodeproj */;
				},
			);
			projectRoot = "";
			targets = (
				4CB3DD7718521DC400673478 /* Kidlendar */,
				4CB3DD9218521DC500673478 /* KidlendarTests */,
			);
		};
/* End PBXProject section */

/* Begin PBXReferenceProxy section */
		4C1E40B918B4616300A273A1 /* libGPUImage.a */ = {
			isa = PBXReferenceProxy;
			fileType = archive.ar;
			path = libGPUImage.a;
			remoteRef = 4C1E40B818B4616300A273A1 /* PBXContainerItemProxy */;
			sourceTree = BUILT_PRODUCTS_DIR;
		};
		4C1E40BB18B4616300A273A1 /* GPUImageTests.octest */ = {
			isa = PBXReferenceProxy;
			fileType = wrapper.cfbundle;
			path = GPUImageTests.octest;
			remoteRef = 4C1E40BA18B4616300A273A1 /* PBXContainerItemProxy */;
			sourceTree = BUILT_PRODUCTS_DIR;
		};
/* End PBXReferenceProxy section */

/* Begin PBXResourcesBuildPhase section */
		4CB3DD7618521DC400673478 /* Resources */ = {
			isa = PBXResourcesBuildPhase;
			buildActionMask = 2147483647;
			files = (
				4CFFD585189775270070C33C /* DiaryPhotoViewController.xib in Resources */,
				4C5C8FFD18A8730100B40F7E /* DiaryEntryViewController.xib in Resources */,
				4CF5152818C325730050E330 /* SinaWeibo.png in Resources */,
				4CF5152718C325730050E330 /* twitter-bird-white-on-blue.png in Resources */,
				4C4AAB7818C6B39000458908 /* locationTag20@2x.png in Resources */,
				4C61325D18BEE6200025FD00 /* clock.png in Resources */,
				4CF5151D18C314430050E330 /* 41-picture-frame.png in Resources */,
				4C68CABD18C6350E003776D2 /* settingTab@2x.png in Resources */,
				4C5BA25D1861745D00528843 /* 929-film-1.png in Resources */,
				4C6C49C5186DDDDF0042EB61 /* DiaryViewController.xib in Resources */,
				4CF5152118C314840050E330 /* 83-calendar.png in Resources */,
				4CFB1B8018C8092200EC443A /* trash35@2x.png in Resources */,
				4C4CE27818BDB21E007217CA /* calendar.png in Resources */,
				4C3FBA5818C4CCFF0097C67D /* face_yellow.png in Resources */,
				4C4AAB7918C6B39000458908 /* locationTag10@2x.png in Resources */,
				4C5BA25B1861731A00528843 /* 929-film-1@2x.png in Resources */,
				4C68CABF18C63A51003776D2 /* playButton@2x.png in Resources */,
				4CF5151F18C314500050E330 /* 42-photos.png in Resources */,
				4C61326D18BF16990025FD00 /* EventCreateController.xib in Resources */,
				4C07B2BF18C8BE1600911045 /* v@2x.png in Resources */,
				4C4AAB7B18C6B39000458908 /* write@2x.png in Resources */,
				4CFB1B8218C8092200EC443A /* diaryTab@2x.png in Resources */,
				4CFFD58A1897800A0070C33C /* lookup_amatorka.png in Resources */,
				4C4AAB7C18C6B39000458908 /* reminder@2x.png in Resources */,
				4CA0369018B7A29F00015184 /* DiaryTableViewCell.xib in Resources */,
				4C4AAB7A18C6B39000458908 /* newDiary@2x.png in Resources */,
				4C4AAB7718C6B39000458908 /* share@2x.png in Resources */,
				4C73E02118BFA5F3007ECCEC /* EventReviewController.xib in Resources */,
				4CF5152618C325730050E330 /* fb_icon_325x325.png in Resources */,
				4CFEB19418C2CF9C00CFE1A1 /* uploadicon.png in Resources */,
				4C4AAB7618C6B39000458908 /* backup@2x.png in Resources */,
				4C61325F18BEE6790025FD00 /* repeat.png in Resources */,
				4C61325618BECAED0025FD00 /* EventTableCell.xib in Resources */,
				4C07B2BE18C8BE1600911045 /* x@2x.png in Resources */,
				4C5B01F718ACBD7F0030FCCC /* DiaryCreateViewController.xib in Resources */,
				4CFB1B8418C8676300EC443A /* selectPhoto@2x.png in Resources */,
				4CB3DD8618521DC400673478 /* InfoPlist.strings in Resources */,
				4CFB1B8118C8092200EC443A /* save35@2x.png in Resources */,
				4CB3BD2D18A330D80006AFD4 /* SettingViewController.xib in Resources */,
				4CB3DD8E18521DC400673478 /* Images.xcassets in Resources */,
				4C68CABC18C6350E003776D2 /* calendarTab@2x.png in Resources */,
				4CF5152918C325730050E330 /* MetroUI-Apps-Dropbox-icon.png in Resources */,
				4C3FBA5718C4CCFF0097C67D /* face_white.png in Resources */,
				4CF592E1186D5BE500F1BEEB /* MonthViewController.xib in Resources */,
			);
			runOnlyForDeploymentPostprocessing = 0;
		};
		4CB3DD9118521DC500673478 /* Resources */ = {
			isa = PBXResourcesBuildPhase;
			buildActionMask = 2147483647;
			files = (
				4CB3DD9F18521DC500673478 /* InfoPlist.strings in Resources */,
			);
			runOnlyForDeploymentPostprocessing = 0;
		};
/* End PBXResourcesBuildPhase section */

/* Begin PBXSourcesBuildPhase section */
		4CB3DD7418521DC400673478 /* Sources */ = {
			isa = PBXSourcesBuildPhase;
			buildActionMask = 2147483647;
			files = (
				4CB3DD8818521DC400673478 /* main.m in Sources */,
				4CFB086C187E696A00456D5D /* DateModel.m in Sources */,
				4CA0368C18B7A12100015184 /* DiaryTableViewCell.m in Sources */,
				4CEEB9F818B4656100C7FA80 /* DiaryData.m in Sources */,
				4C5C8FFC18A8730100B40F7E /* DiaryEntryViewController.m in Sources */,
				4C417E7618714A4C000878FC /* DiaryDataStore.m in Sources */,
				4C9214CB185AAA29009A3090 /* DateView.m in Sources */,
				4C67BAD718B6FBC300452539 /* SwitchCell.m in Sources */,
				4CFB086F187E6BFB00456D5D /* MonthModel.m in Sources */,
				4CA2506F1869517400AEA94E /* DiaryPhotoCell.m in Sources */,
				4CB3DD8C18521DC400673478 /* KidlendarAppDelegate.m in Sources */,
				4C50B73418B19DE50065434A /* LocationDataStore.m in Sources */,
				4CFF692E18BF2B2900337857 /* ReminderView.m in Sources */,
				4C88B387188E56E100F4F47E /* DiaryCell.m in Sources */,
				4C68364B18BAE4B200FAA259 /* AlbumPhotoCell.m in Sources */,
				4C2E83BD1890BB450051215F /* CalendarStore.m in Sources */,
				4C6C49C4186DDDDF0042EB61 /* DiaryViewController.m in Sources */,
				4C61325B18BECC8C0025FD00 /* EventTableCell.m in Sources */,
				4C6C49C0186DDB680042EB61 /* DiaryTableViewController.m in Sources */,
				4C50B72F18B19CAD0065434A /* LocationData.m in Sources */,
				4CF592E0186D5BE500F1BEEB /* MonthViewController.m in Sources */,
				4C3ECBBD18BC3C75002CD2FB /* WeekdayView.m in Sources */,
				4CB3BD2C18A330D80006AFD4 /* SettingViewController.m in Sources */,
				4C23964618B3B5E800BB87E7 /* TempDiaryData.m in Sources */,
				4CFFD584189775270070C33C /* DiaryPhotoViewController.m in Sources */,
				4C61326C18BF16990025FD00 /* EventCreateController.m in Sources */,
				4C23963918B3295600BB87E7 /* FacebookModel.m in Sources */,
				4C51761D186FF309002F6F6D /* KidlendarModel.xcdatamodeld in Sources */,
				4C5B01F618ACBD7F0030FCCC /* DiaryCreateViewController.m in Sources */,
				4CFF693118BF3FC000337857 /* RepeatView.m in Sources */,
				4C73E02018BFA5F3007ECCEC /* EventReviewController.m in Sources */,
				4C315C7B18AB298800A2A363 /* PhotoLoader.m in Sources */,
				4C50B73718B1BB3D0065434A /* MapKitHelpers.m in Sources */,
				4CA2506C1869377000AEA94E /* UIImage+Resize.m in Sources */,
				4C91918718AF3A4900ED4695 /* ImageStore.m in Sources */,
				4C92155A185AD39E009A3090 /* MonthCalendarView.m in Sources */,
				4C84A57318BF7278005A30AB /* ReminderButton.m in Sources */,
				4C68365018BB0FD100FAA259 /* FilterCell.m in Sources */,
				4CEEB9FE18B47BAF00C7FA80 /* CloudData.m in Sources */,
			);
			runOnlyForDeploymentPostprocessing = 0;
		};
		4CB3DD8F18521DC500673478 /* Sources */ = {
			isa = PBXSourcesBuildPhase;
			buildActionMask = 2147483647;
			files = (
				4CB3DDA118521DC500673478 /* KidlendarTests.m in Sources */,
			);
			runOnlyForDeploymentPostprocessing = 0;
		};
/* End PBXSourcesBuildPhase section */

/* Begin PBXTargetDependency section */
		4C1E40BD18B4618A00A273A1 /* PBXTargetDependency */ = {
			isa = PBXTargetDependency;
			name = GPUImage;
			targetProxy = 4C1E40BC18B4618A00A273A1 /* PBXContainerItemProxy */;
		};
		4CB3DD9918521DC500673478 /* PBXTargetDependency */ = {
			isa = PBXTargetDependency;
			target = 4CB3DD7718521DC400673478 /* Kidlendar */;
			targetProxy = 4CB3DD9818521DC500673478 /* PBXContainerItemProxy */;
		};
/* End PBXTargetDependency section */

/* Begin PBXVariantGroup section */
		4CB3DD8418521DC400673478 /* InfoPlist.strings */ = {
			isa = PBXVariantGroup;
			children = (
				4CB3DD8518521DC400673478 /* en */,
			);
			name = InfoPlist.strings;
			sourceTree = "<group>";
		};
		4CB3DD9D18521DC500673478 /* InfoPlist.strings */ = {
			isa = PBXVariantGroup;
			children = (
				4CB3DD9E18521DC500673478 /* en */,
			);
			name = InfoPlist.strings;
			sourceTree = "<group>";
		};
/* End PBXVariantGroup section */

/* Begin XCBuildConfiguration section */
		4CB3DDA218521DC500673478 /* Debug */ = {
			isa = XCBuildConfiguration;
			buildSettings = {
				ALWAYS_SEARCH_USER_PATHS = NO;
				ARCHS = "$(ARCHS_STANDARD_INCLUDING_64_BIT)";
				CLANG_CXX_LANGUAGE_STANDARD = "gnu++0x";
				CLANG_CXX_LIBRARY = "libc++";
				CLANG_ENABLE_MODULES = YES;
				CLANG_ENABLE_OBJC_ARC = YES;
				CLANG_WARN_BOOL_CONVERSION = YES;
				CLANG_WARN_CONSTANT_CONVERSION = YES;
				CLANG_WARN_DIRECT_OBJC_ISA_USAGE = YES_ERROR;
				CLANG_WARN_EMPTY_BODY = YES;
				CLANG_WARN_ENUM_CONVERSION = YES;
				CLANG_WARN_INT_CONVERSION = YES;
				CLANG_WARN_OBJC_ROOT_CLASS = YES_ERROR;
				CLANG_WARN__DUPLICATE_METHOD_MATCH = YES;
				CODE_SIGN_IDENTITY = "Apple Development IOS Push Services: MK.Kidlendar";
				"CODE_SIGN_IDENTITY[sdk=iphoneos*]" = "Apple Development IOS Push Services: MK.Kidlendar";
				COPY_PHASE_STRIP = NO;
				GCC_C_LANGUAGE_STANDARD = gnu99;
				GCC_DYNAMIC_NO_PIC = NO;
				GCC_OPTIMIZATION_LEVEL = 0;
				GCC_PREPROCESSOR_DEFINITIONS = (
					"DEBUG=1",
					"$(inherited)",
				);
				GCC_SYMBOLS_PRIVATE_EXTERN = NO;
				GCC_WARN_64_TO_32_BIT_CONVERSION = YES;
				GCC_WARN_ABOUT_RETURN_TYPE = YES_ERROR;
				GCC_WARN_UNDECLARED_SELECTOR = YES;
				GCC_WARN_UNINITIALIZED_AUTOS = YES;
				GCC_WARN_UNUSED_FUNCTION = YES;
				GCC_WARN_UNUSED_VARIABLE = YES;
				HEADER_SEARCH_PATHS = (
					"$(inherited)",
					/Applications/Xcode.app/Contents/Developer/Toolchains/XcodeDefault.xctoolchain/usr/include,
					"/Users/JackYeh/Downloads/GPUImage-master/framework/**",
				);
				IPHONEOS_DEPLOYMENT_TARGET = 7.0;
				ONLY_ACTIVE_ARCH = YES;
				OTHER_LDFLAGS = "-ObjC";
				SDKROOT = iphoneos;
			};
			name = Debug;
		};
		4CB3DDA318521DC500673478 /* Release */ = {
			isa = XCBuildConfiguration;
			buildSettings = {
				ALWAYS_SEARCH_USER_PATHS = NO;
				ARCHS = "$(ARCHS_STANDARD_INCLUDING_64_BIT)";
				CLANG_CXX_LANGUAGE_STANDARD = "gnu++0x";
				CLANG_CXX_LIBRARY = "libc++";
				CLANG_ENABLE_MODULES = YES;
				CLANG_ENABLE_OBJC_ARC = YES;
				CLANG_WARN_BOOL_CONVERSION = YES;
				CLANG_WARN_CONSTANT_CONVERSION = YES;
				CLANG_WARN_DIRECT_OBJC_ISA_USAGE = YES_ERROR;
				CLANG_WARN_EMPTY_BODY = YES;
				CLANG_WARN_ENUM_CONVERSION = YES;
				CLANG_WARN_INT_CONVERSION = YES;
				CLANG_WARN_OBJC_ROOT_CLASS = YES_ERROR;
				CLANG_WARN__DUPLICATE_METHOD_MATCH = YES;
				CODE_SIGN_IDENTITY = "Apple Development IOS Push Services: MK.Kidlendar";
				"CODE_SIGN_IDENTITY[sdk=iphoneos*]" = "Apple Development IOS Push Services: MK.Kidlendar";
				COPY_PHASE_STRIP = YES;
				ENABLE_NS_ASSERTIONS = NO;
				GCC_C_LANGUAGE_STANDARD = gnu99;
				GCC_WARN_64_TO_32_BIT_CONVERSION = YES;
				GCC_WARN_ABOUT_RETURN_TYPE = YES_ERROR;
				GCC_WARN_UNDECLARED_SELECTOR = YES;
				GCC_WARN_UNINITIALIZED_AUTOS = YES;
				GCC_WARN_UNUSED_FUNCTION = YES;
				GCC_WARN_UNUSED_VARIABLE = YES;
				HEADER_SEARCH_PATHS = (
					"$(inherited)",
					/Applications/Xcode.app/Contents/Developer/Toolchains/XcodeDefault.xctoolchain/usr/include,
					"/Users/JackYeh/Downloads/GPUImage-master/framework/**",
				);
				IPHONEOS_DEPLOYMENT_TARGET = 7.0;
				OTHER_LDFLAGS = "-ObjC";
				SDKROOT = iphoneos;
				VALIDATE_PRODUCT = YES;
			};
			name = Release;
		};
		4CB3DDA518521DC500673478 /* Debug */ = {
			isa = XCBuildConfiguration;
			buildSettings = {
				ASSETCATALOG_COMPILER_APPICON_NAME = AppIcon;
				ASSETCATALOG_COMPILER_LAUNCHIMAGE_NAME = LaunchImage;
				CODE_SIGN_IDENTITY = "iPhone Developer";
				"CODE_SIGN_IDENTITY[sdk=iphoneos*]" = "iPhone Developer";
				FRAMEWORK_SEARCH_PATHS = (
					"$(inherited)",
					/Users/JackYeh/Desktop/Kidlendar,
				);
				GCC_PRECOMPILE_PREFIX_HEADER = YES;
				GCC_PREFIX_HEADER = "Kidlendar/Kidlendar-Prefix.pch";
				HEADER_SEARCH_PATHS = (
					"$(inherited)",
					/Applications/Xcode.app/Contents/Developer/Toolchains/XcodeDefault.xctoolchain/usr/include,
					"/Users/JackYeh/Downloads/GPUImage-master-2/framework/**",
				);
				INFOPLIST_FILE = "Kidlendar/Kidlendar-Info.plist";
				OTHER_LDFLAGS = "-ObjC";
				PRODUCT_NAME = "$(TARGET_NAME)";
				PROVISIONING_PROFILE = "";
				WRAPPER_EXTENSION = app;
			};
			name = Debug;
		};
		4CB3DDA618521DC500673478 /* Release */ = {
			isa = XCBuildConfiguration;
			buildSettings = {
				ASSETCATALOG_COMPILER_APPICON_NAME = AppIcon;
				ASSETCATALOG_COMPILER_LAUNCHIMAGE_NAME = LaunchImage;
				CODE_SIGN_IDENTITY = "iPhone Developer";
				"CODE_SIGN_IDENTITY[sdk=iphoneos*]" = "iPhone Developer";
				FRAMEWORK_SEARCH_PATHS = (
					"$(inherited)",
					/Users/JackYeh/Desktop/Kidlendar,
				);
				GCC_PRECOMPILE_PREFIX_HEADER = YES;
				GCC_PREFIX_HEADER = "Kidlendar/Kidlendar-Prefix.pch";
				HEADER_SEARCH_PATHS = (
					"$(inherited)",
					/Applications/Xcode.app/Contents/Developer/Toolchains/XcodeDefault.xctoolchain/usr/include,
					"/Users/JackYeh/Downloads/GPUImage-master-2/framework/**",
				);
				INFOPLIST_FILE = "Kidlendar/Kidlendar-Info.plist";
				OTHER_LDFLAGS = "-ObjC";
				PRODUCT_NAME = "$(TARGET_NAME)";
				PROVISIONING_PROFILE = "";
				WRAPPER_EXTENSION = app;
			};
			name = Release;
		};
		4CB3DDA818521DC500673478 /* Debug */ = {
			isa = XCBuildConfiguration;
			buildSettings = {
				ARCHS = "$(ARCHS_STANDARD_INCLUDING_64_BIT)";
				BUNDLE_LOADER = "$(BUILT_PRODUCTS_DIR)/Kidlendar.app/Kidlendar";
				FRAMEWORK_SEARCH_PATHS = (
					"$(SDKROOT)/Developer/Library/Frameworks",
					"$(inherited)",
					"$(DEVELOPER_FRAMEWORKS_DIR)",
				);
				GCC_PRECOMPILE_PREFIX_HEADER = YES;
				GCC_PREFIX_HEADER = "Kidlendar/Kidlendar-Prefix.pch";
				GCC_PREPROCESSOR_DEFINITIONS = (
					"DEBUG=1",
					"$(inherited)",
				);
				INFOPLIST_FILE = "KidlendarTests/KidlendarTests-Info.plist";
				PRODUCT_NAME = "$(TARGET_NAME)";
				TEST_HOST = "$(BUNDLE_LOADER)";
				WRAPPER_EXTENSION = xctest;
			};
			name = Debug;
		};
		4CB3DDA918521DC500673478 /* Release */ = {
			isa = XCBuildConfiguration;
			buildSettings = {
				ARCHS = "$(ARCHS_STANDARD_INCLUDING_64_BIT)";
				BUNDLE_LOADER = "$(BUILT_PRODUCTS_DIR)/Kidlendar.app/Kidlendar";
				FRAMEWORK_SEARCH_PATHS = (
					"$(SDKROOT)/Developer/Library/Frameworks",
					"$(inherited)",
					"$(DEVELOPER_FRAMEWORKS_DIR)",
				);
				GCC_PRECOMPILE_PREFIX_HEADER = YES;
				GCC_PREFIX_HEADER = "Kidlendar/Kidlendar-Prefix.pch";
				INFOPLIST_FILE = "KidlendarTests/KidlendarTests-Info.plist";
				PRODUCT_NAME = "$(TARGET_NAME)";
				TEST_HOST = "$(BUNDLE_LOADER)";
				WRAPPER_EXTENSION = xctest;
			};
			name = Release;
		};
/* End XCBuildConfiguration section */

/* Begin XCConfigurationList section */
		4CB3DD7318521DC400673478 /* Build configuration list for PBXProject "Kidlendar" */ = {
			isa = XCConfigurationList;
			buildConfigurations = (
				4CB3DDA218521DC500673478 /* Debug */,
				4CB3DDA318521DC500673478 /* Release */,
			);
			defaultConfigurationIsVisible = 0;
			defaultConfigurationName = Release;
		};
		4CB3DDA418521DC500673478 /* Build configuration list for PBXNativeTarget "Kidlendar" */ = {
			isa = XCConfigurationList;
			buildConfigurations = (
				4CB3DDA518521DC500673478 /* Debug */,
				4CB3DDA618521DC500673478 /* Release */,
			);
			defaultConfigurationIsVisible = 0;
			defaultConfigurationName = Release;
		};
		4CB3DDA718521DC500673478 /* Build configuration list for PBXNativeTarget "KidlendarTests" */ = {
			isa = XCConfigurationList;
			buildConfigurations = (
				4CB3DDA818521DC500673478 /* Debug */,
				4CB3DDA918521DC500673478 /* Release */,
			);
			defaultConfigurationIsVisible = 0;
			defaultConfigurationName = Release;
		};
/* End XCConfigurationList section */

/* Begin XCVersionGroup section */
		4C51761B186FF309002F6F6D /* KidlendarModel.xcdatamodeld */ = {
			isa = XCVersionGroup;
			children = (
				4C51761C186FF309002F6F6D /* KidlendarModel.xcdatamodel */,
			);
			currentVersion = 4C51761C186FF309002F6F6D /* KidlendarModel.xcdatamodel */;
			path = KidlendarModel.xcdatamodeld;
			sourceTree = "<group>";
			versionGroupType = wrapper.xcdatamodel;
		};
/* End XCVersionGroup section */
	};
	rootObject = 4CB3DD7018521DC400673478 /* Project object */;
}
